// !$*UTF8*$!
{
	archiveVersion = 1;
	classes = {
	};
	objectVersion = 46;
	objects = {

/* Begin PBXBuildFile section */
		0494580D1907EFCA00508E78 /* ACDetailedCell.xib in Resources */ = {isa = PBXBuildFile; fileRef = 0494580C1907EFCA00508E78 /* ACDetailedCell.xib */; };
		049458131908092000508E78 /* ACChuckNorrisCell.xib in Resources */ = {isa = PBXBuildFile; fileRef = 049458121908092000508E78 /* ACChuckNorrisCell.xib */; };
		04D1A40E1907EC3900746D6B /* Model.xcdatamodeld in Sources */ = {isa = PBXBuildFile; fileRef = 04D1A40C1907EC3900746D6B /* Model.xcdatamodeld */; };
		1A54F07DC33518C1ED566E60 /* MagicalImportFunctions.m in Sources */ = {isa = PBXBuildFile; fileRef = 1A54F62EAF42A3B6980CC19B /* MagicalImportFunctions.m */; };
		1A54F0D3555A1ECAEF08250B /* ACAppDelegate.m in Sources */ = {isa = PBXBuildFile; fileRef = 1A54F4B8D3213F6F9904C024 /* ACAppDelegate.m */; };
		1A54F2032B882926451E13E1 /* NSObject+MagicalDataImport.m in Sources */ = {isa = PBXBuildFile; fileRef = 1A54F8CAA2539EE940033549 /* NSObject+MagicalDataImport.m */; };
		1A54F2F631F00D0CA69869E0 /* NSManagedObjectContext+MagicalThreading.m in Sources */ = {isa = PBXBuildFile; fileRef = 1A54F467608A490A1B8E01D3 /* NSManagedObjectContext+MagicalThreading.m */; };
		1A54F306E85371A4C79E4C8B /* NSManagedObject+MagicalRecord.m in Sources */ = {isa = PBXBuildFile; fileRef = 1A54FFF534EEF5201B045A06 /* NSManagedObject+MagicalRecord.m */; };
		1A54F37674A5734AB23BD62B /* NSRelationshipDescription+MagicalDataImport.m in Sources */ = {isa = PBXBuildFile; fileRef = 1A54F6029BD8CE54552AA811 /* NSRelationshipDescription+MagicalDataImport.m */; };
		1A54F39A0C582D43FCEE4134 /* NSManagedObjectContext+MagicalObserving.m in Sources */ = {isa = PBXBuildFile; fileRef = 1A54F20BC8E20174E715E84E /* NSManagedObjectContext+MagicalObserving.m */; };
		1A54F50AC2D51DD066908A24 /* NSAttributeDescription+MagicalDataImport.m in Sources */ = {isa = PBXBuildFile; fileRef = 1A54F636438209242B776330 /* NSAttributeDescription+MagicalDataImport.m */; };
		1A54F50EB8FE624E0FEA898E /* NSPersistentStoreCoordinator+MagicalRecord.m in Sources */ = {isa = PBXBuildFile; fileRef = 1A54F3019FBF8A3E44274FBB /* NSPersistentStoreCoordinator+MagicalRecord.m */; };
		1A54F5679E28124B670C8B37 /* NSManagedObject+MagicalDataImport.m in Sources */ = {isa = PBXBuildFile; fileRef = 1A54F3BA7ED4DA1A8AA20597 /* NSManagedObject+MagicalDataImport.m */; };
		1A54F591E41E7BFA37847BA9 /* ACSimpleCell.m in Sources */ = {isa = PBXBuildFile; fileRef = 1A54FAB2A6BB1162553E6E11 /* ACSimpleCell.m */; };
		1A54F5B2848292E8B8C56696 /* NSNumber+MagicalDataImport.m in Sources */ = {isa = PBXBuildFile; fileRef = 1A54F1769BD7E1F9814B3DD6 /* NSNumber+MagicalDataImport.m */; };
		1A54F5D9946637121C079FE5 /* MagicalRecord+Setup.m in Sources */ = {isa = PBXBuildFile; fileRef = 1A54F68275E699217BFA26CC /* MagicalRecord+Setup.m */; };
		1A54F63694F290666E9CDD01 /* ACDetailedCell.m in Sources */ = {isa = PBXBuildFile; fileRef = 1A54F4F954CED6F8E464A107 /* ACDetailedCell.m */; };
		1A54F73DBCA340660DEE9D84 /* MBProgressHUD.m in Sources */ = {isa = PBXBuildFile; fileRef = 1A54FEF6AA08F65B9DA3D5F2 /* MBProgressHUD.m */; };
		1A54F8A9A12CD5772B56E552 /* ACSimpleCell.xib in Resources */ = {isa = PBXBuildFile; fileRef = 1A54FB97A37D24DA12B2985B /* ACSimpleCell.xib */; };
		1A54F8BB14D7F1EAF166A737 /* MagicalRecord+ShorthandSupport.m in Sources */ = {isa = PBXBuildFile; fileRef = 1A54F5F30B5A6EDD41C3BEA3 /* MagicalRecord+ShorthandSupport.m */; };
		1A54F8F2FF152574E89DAFC3 /* NSPersistentStore+MagicalRecord.m in Sources */ = {isa = PBXBuildFile; fileRef = 1A54FAABB31F9BB6C0B3CB3E /* NSPersistentStore+MagicalRecord.m */; };
		1A54F9199CE8890C569B932B /* MagicalRecord+Actions.m in Sources */ = {isa = PBXBuildFile; fileRef = 1A54F18438EE2FC2EDD6E253 /* MagicalRecord+Actions.m */; };
		1A54F962379C628100615540 /* MagicalRecord+iCloud.m in Sources */ = {isa = PBXBuildFile; fileRef = 1A54F414CB262571AF855DC3 /* MagicalRecord+iCloud.m */; };
		1A54FA53A9526A2E75224E4A /* NSManagedObject+MagicalAggregation.m in Sources */ = {isa = PBXBuildFile; fileRef = 1A54F16CD779B51FFB2F8602 /* NSManagedObject+MagicalAggregation.m */; };
		1A54FB1094A4093943F36120 /* ACSamplePlayer.m in Sources */ = {isa = PBXBuildFile; fileRef = 1A54FAA8BC2853A12E6F5342 /* ACSamplePlayer.m */; };
		1A54FBA921402ED2F7FD2072 /* NSManagedObjectModel+MagicalRecord.m in Sources */ = {isa = PBXBuildFile; fileRef = 1A54F2C495A5685D61695C74 /* NSManagedObjectModel+MagicalRecord.m */; };
		1A54FC4C5D46754B2D780708 /* MagicalRecord+Options.m in Sources */ = {isa = PBXBuildFile; fileRef = 1A54FEEC044AE98A2654B2A7 /* MagicalRecord+Options.m */; };
		1A54FD47223F62C462856306 /* MagicalRecord.m in Sources */ = {isa = PBXBuildFile; fileRef = 1A54F1793F06E7E050350573 /* MagicalRecord.m */; };
		1A54FD5869128E042D9080C6 /* NSManagedObject+MagicalFinders.m in Sources */ = {isa = PBXBuildFile; fileRef = 1A54FA822C8113236096709C /* NSManagedObject+MagicalFinders.m */; };
		1A54FDF8B139BCD74B333DDD /* NSManagedObjectContext+MagicalRecord.m in Sources */ = {isa = PBXBuildFile; fileRef = 1A54FA728EA45D6D7598923E /* NSManagedObjectContext+MagicalRecord.m */; };
		1A54FE4AA5A9EA0D2DF48579 /* NSEntityDescription+MagicalDataImport.m in Sources */ = {isa = PBXBuildFile; fileRef = 1A54F2CAE30C868A42B2C407 /* NSEntityDescription+MagicalDataImport.m */; };
		1A54FE8140B1B6837361038E /* NSManagedObjectContext+MagicalSaves.m in Sources */ = {isa = PBXBuildFile; fileRef = 1A54F7560FA06C010B774511 /* NSManagedObjectContext+MagicalSaves.m */; };
		1A54FE9E8D48D9A03C47A089 /* NSManagedObject+MagicalRequests.m in Sources */ = {isa = PBXBuildFile; fileRef = 1A54FBEFA3AE2045A962AE5E /* NSManagedObject+MagicalRequests.m */; };
		1A54FECE5AC1A21094F836E1 /* NSString+MagicalDataImport.m in Sources */ = {isa = PBXBuildFile; fileRef = 1A54F6F0E1F1D504FDB21E37 /* NSString+MagicalDataImport.m */; };
		1A54FEE4BD9879D8F1214D50 /* ACChuckNorrisCell.m in Sources */ = {isa = PBXBuildFile; fileRef = 1A54F412DB0C0E0E390B8143 /* ACChuckNorrisCell.m */; };
		1A54FFFB0CF019713BFA5EB7 /* MagicalRecord+ErrorHandling.m in Sources */ = {isa = PBXBuildFile; fileRef = 1A54FA16A11EF6BE08FED638 /* MagicalRecord+ErrorHandling.m */; };
		82493FD01924E62500CBE431 /* ACMainViewController.xib in Resources */ = {isa = PBXBuildFile; fileRef = 82493FCF1924E62500CBE431 /* ACMainViewController.xib */; };
		82493FD21924E63000CBE431 /* ACTableViewController.xib in Resources */ = {isa = PBXBuildFile; fileRef = 82493FD11924E63000CBE431 /* ACTableViewController.xib */; };
		82493FD41924E63F00CBE431 /* ACCollectionViewController.xib in Resources */ = {isa = PBXBuildFile; fileRef = 82493FD31924E63F00CBE431 /* ACCollectionViewController.xib */; };
		82A7FC4418F6DA3200A29EB2 /* Foundation.framework in Frameworks */ = {isa = PBXBuildFile; fileRef = 82A7FC4318F6DA3200A29EB2 /* Foundation.framework */; };
		82A7FC4618F6DA3200A29EB2 /* CoreGraphics.framework in Frameworks */ = {isa = PBXBuildFile; fileRef = 82A7FC4518F6DA3200A29EB2 /* CoreGraphics.framework */; };
		82A7FC4818F6DA3200A29EB2 /* UIKit.framework in Frameworks */ = {isa = PBXBuildFile; fileRef = 82A7FC4718F6DA3200A29EB2 /* UIKit.framework */; };
		82A7FC4E18F6DA3200A29EB2 /* InfoPlist.strings in Resources */ = {isa = PBXBuildFile; fileRef = 82A7FC4C18F6DA3200A29EB2 /* InfoPlist.strings */; };
		82A7FC5018F6DA3200A29EB2 /* main.m in Sources */ = {isa = PBXBuildFile; fileRef = 82A7FC4F18F6DA3200A29EB2 /* main.m */; };
		82A7FC5C18F6DA3200A29EB2 /* Images.xcassets in Resources */ = {isa = PBXBuildFile; fileRef = 82A7FC5B18F6DA3200A29EB2 /* Images.xcassets */; };
		82A7FC6318F6DA3200A29EB2 /* XCTest.framework in Frameworks */ = {isa = PBXBuildFile; fileRef = 82A7FC6218F6DA3200A29EB2 /* XCTest.framework */; };
		82A7FC6418F6DA3200A29EB2 /* Foundation.framework in Frameworks */ = {isa = PBXBuildFile; fileRef = 82A7FC4318F6DA3200A29EB2 /* Foundation.framework */; };
		82A7FC6518F6DA3200A29EB2 /* UIKit.framework in Frameworks */ = {isa = PBXBuildFile; fileRef = 82A7FC4718F6DA3200A29EB2 /* UIKit.framework */; };
		82A7FC6D18F6DA3200A29EB2 /* InfoPlist.strings in Resources */ = {isa = PBXBuildFile; fileRef = 82A7FC6B18F6DA3200A29EB2 /* InfoPlist.strings */; };
		82A7FC6F18F6DA3200A29EB2 /* ACTestProjectTests.m in Sources */ = {isa = PBXBuildFile; fileRef = 82A7FC6E18F6DA3200A29EB2 /* ACTestProjectTests.m */; };
		82BE1FF21922731C00B019B8 /* ACCollectionViewListCell.xib in Resources */ = {isa = PBXBuildFile; fileRef = 82BE1FF11922731C00B019B8 /* ACCollectionViewListCell.xib */; };
		82F1B55B18FBD49800F8AD9B /* CoreData.framework in Frameworks */ = {isa = PBXBuildFile; fileRef = 82F1B55A18FBD49800F8AD9B /* CoreData.framework */; };
		938B50A5284F871F62161CCA /* ACPlayerTreatmentViewController.m in Sources */ = {isa = PBXBuildFile; fileRef = 938B55A95190AB4238C58F7D /* ACPlayerTreatmentViewController.m */; };
		938B50E0C86CF9EAA3136F02 /* ACPickerViewController.m in Sources */ = {isa = PBXBuildFile; fileRef = 938B5D767B2580B6B9DD57F7 /* ACPickerViewController.m */; };
		938B514307EFF0A7AA099C38 /* ACSampleNetworkManager.m in Sources */ = {isa = PBXBuildFile; fileRef = 938B55DF1C7EA29FDA1C23CA /* ACSampleNetworkManager.m */; };
		938B51AE6305146170F75B0A /* ACDateViewController.xib in Resources */ = {isa = PBXBuildFile; fileRef = 938B553D7EDAD5F5D5B05294 /* ACDateViewController.xib */; };
		938B51D74003907F9AC97890 /* UIActionSheet+ACBlocks.m in Sources */ = {isa = PBXBuildFile; fileRef = 938B5C11F69106BBA6BA5544 /* UIActionSheet+ACBlocks.m */; };
		938B524B1373F41CCBDB0DB8 /* ACDateViewController.m in Sources */ = {isa = PBXBuildFile; fileRef = 938B5CCE8B44A38CEAC15202 /* ACDateViewController.m */; };
		938B52E1AB1E077368D6201E /* ACTableViewAdapter.m in Sources */ = {isa = PBXBuildFile; fileRef = 938B54E6A282160E06DF583C /* ACTableViewAdapter.m */; };
		938B5316FF783CE404E52D34 /* ACSamplePlayer+Extension.m in Sources */ = {isa = PBXBuildFile; fileRef = 938B5BA9CC7602AA7DDFE376 /* ACSamplePlayer+Extension.m */; };
		938B5318694159A6597C16AB /* ACFetchedResultsDataSource.m in Sources */ = {isa = PBXBuildFile; fileRef = 938B51AB124786D7ACE5D6F7 /* ACFetchedResultsDataSource.m */; };
		938B532374C27B85106C52D1 /* UIViewController+ACPageNumber.m in Sources */ = {isa = PBXBuildFile; fileRef = 938B5FF5AC7F39F61B785873 /* UIViewController+ACPageNumber.m */; };
		938B5509A3A0B333324956E8 /* ACPageController.m in Sources */ = {isa = PBXBuildFile; fileRef = 938B5381C753D47AADBE7231 /* ACPageController.m */; };
		938B55725DD01BC8FF87CD6E /* UIView+ACFrames.m in Sources */ = {isa = PBXBuildFile; fileRef = 938B5CEEA3153BA0AC048D89 /* UIView+ACFrames.m */; };
		938B558FF42F12CE4A33234A /* ACCollectionViewAdapter.m in Sources */ = {isa = PBXBuildFile; fileRef = 938B5CFC6B48FD5EE1BA143F /* ACCollectionViewAdapter.m */; };
		938B55B1AE126902ECE8256A /* ACTableViewController.m in Sources */ = {isa = PBXBuildFile; fileRef = 938B58AE3B16BB125C2029CA /* ACTableViewController.m */; };
		938B55FE8A56150B63470CCB /* ACArrayDataSource.m in Sources */ = {isa = PBXBuildFile; fileRef = 938B581B25CA0E8C7F19D19C /* ACArrayDataSource.m */; };
		938B5602C2F952B1D70D91C5 /* ACCollectionViewListCell.m in Sources */ = {isa = PBXBuildFile; fileRef = 938B58F3C7660EA80F71E0E2 /* ACCollectionViewListCell.m */; };
		938B5659C390E43F9BF2E8C8 /* UIAlertView+ACBlocks.m in Sources */ = {isa = PBXBuildFile; fileRef = 938B59EAC4ABB56625305854 /* UIAlertView+ACBlocks.m */; };
		938B56937C9868A57D99ED95 /* ACAlertViewDelegate.m in Sources */ = {isa = PBXBuildFile; fileRef = 938B5E655C096FB5D735390B /* ACAlertViewDelegate.m */; };
		938B56DC5421739FADA7417C /* UIView+ACNib.m in Sources */ = {isa = PBXBuildFile; fileRef = 938B55B4FB4F72EBA7978A54 /* UIView+ACNib.m */; };
		938B58810AEB060D97B821C6 /* ACSegmentedDataSource.m in Sources */ = {isa = PBXBuildFile; fileRef = 938B51D78AE523D6F9C239EE /* ACSegmentedDataSource.m */; };
		938B5905F9B65920BB673ADA /* NSObject+ACClassName.m in Sources */ = {isa = PBXBuildFile; fileRef = 938B5C286AB742DF56A421BB /* NSObject+ACClassName.m */; };
		938B596661F588FDF6B3A4C4 /* UITableView+ACAdapter.m in Sources */ = {isa = PBXBuildFile; fileRef = 938B5BF1976F8C9F28614727 /* UITableView+ACAdapter.m */; };
		938B5966AD3E240CC98046C8 /* ACEndlessPagingController.m in Sources */ = {isa = PBXBuildFile; fileRef = 938B52A1BF466399772BA019 /* ACEndlessPagingController.m */; };
		938B59AE9B8C563ED0D41FEB /* ACComponentsDataSource.m in Sources */ = {isa = PBXBuildFile; fileRef = 938B5EC835F7D42D9448C48D /* ACComponentsDataSource.m */; };
		938B5A0668FC722015E065F9 /* ACPickerViewController.xib in Resources */ = {isa = PBXBuildFile; fileRef = 938B520A4839138E70595271 /* ACPickerViewController.xib */; };
		938B5A3214DFF444A83D8BA9 /* ACActionSheetDelegate.m in Sources */ = {isa = PBXBuildFile; fileRef = 938B5515469D79FE4DB7903C /* ACActionSheetDelegate.m */; };
		938B5A75E350861BD9C2226C /* ACMainViewController.m in Sources */ = {isa = PBXBuildFile; fileRef = 938B58894F1B7B20A8DA854A /* ACMainViewController.m */; };
		938B5C4F49DF9EF59FBC2C94 /* UICollectionView+ACAdapter.m in Sources */ = {isa = PBXBuildFile; fileRef = 938B55585807BFD3B48CFD8A /* UICollectionView+ACAdapter.m */; };
		938B5C513E57C579397D91C0 /* ACComponent.m in Sources */ = {isa = PBXBuildFile; fileRef = 938B5E0AE23052937DE78AF8 /* ACComponent.m */; };
		938B5C5745F562C1665F450A /* UIView+ACAnimation.m in Sources */ = {isa = PBXBuildFile; fileRef = 938B55359067216CCF1E12B8 /* UIView+ACAnimation.m */; };
		938B5CAC1C1FDA2673E97F8A /* UIPageViewController+ACPageController.m in Sources */ = {isa = PBXBuildFile; fileRef = 938B589D4DBED33FDFBE12E7 /* UIPageViewController+ACPageController.m */; };
		938B5CDB57754DAA78FD6148 /* UIView+TLKAppearance.m in Sources */ = {isa = PBXBuildFile; fileRef = 938B5F1469251B6EB84A5C29 /* UIView+TLKAppearance.m */; };
		938B5EAA53BF11C32B40A75A /* ACPickerViewAdapter.m in Sources */ = {isa = PBXBuildFile; fileRef = 938B52AAA9EA4303D198529E /* ACPickerViewAdapter.m */; };
		938B5EC66E3D757F50668A58 /* UIPickerView+ACAdapter.m in Sources */ = {isa = PBXBuildFile; fileRef = 938B5688811B5B3234C9F096 /* UIPickerView+ACAdapter.m */; };
		938B5F5F75C96CFAE5E1A15F /* ACCollectionViewController.m in Sources */ = {isa = PBXBuildFile; fileRef = 938B5B48E8445DEC1D3B5D38 /* ACCollectionViewController.m */; };
/* End PBXBuildFile section */

/* Begin PBXContainerItemProxy section */
		82A7FC6618F6DA3200A29EB2 /* PBXContainerItemProxy */ = {
			isa = PBXContainerItemProxy;
			containerPortal = 82A7FC3818F6DA3100A29EB2 /* Project object */;
			proxyType = 1;
			remoteGlobalIDString = 82A7FC3F18F6DA3200A29EB2;
			remoteInfo = ACTestProject;
		};
/* End PBXContainerItemProxy section */

/* Begin PBXFileReference section */
		0494580C1907EFCA00508E78 /* ACDetailedCell.xib */ = {isa = PBXFileReference; fileEncoding = 4; lastKnownFileType = file.xib; path = ACDetailedCell.xib; sourceTree = "<group>"; };
		049458121908092000508E78 /* ACChuckNorrisCell.xib */ = {isa = PBXFileReference; fileEncoding = 4; lastKnownFileType = file.xib; path = ACChuckNorrisCell.xib; sourceTree = "<group>"; };
		04D1A40D1907EC3900746D6B /* Model.xcdatamodel */ = {isa = PBXFileReference; lastKnownFileType = wrapper.xcdatamodel; path = Model.xcdatamodel; sourceTree = "<group>"; };
		1A54F025576946AB537AF6B9 /* MagicalRecord.h */ = {isa = PBXFileReference; fileEncoding = 4; lastKnownFileType = sourcecode.c.h; path = MagicalRecord.h; sourceTree = "<group>"; };
		1A54F054324F2890AEFECB60 /* ACSamplePlayer.h */ = {isa = PBXFileReference; fileEncoding = 4; lastKnownFileType = sourcecode.c.h; path = ACSamplePlayer.h; sourceTree = "<group>"; };
		1A54F113AD5AB8763ED54F98 /* MagicalRecordDeprecated.h */ = {isa = PBXFileReference; fileEncoding = 4; lastKnownFileType = sourcecode.c.h; path = MagicalRecordDeprecated.h; sourceTree = "<group>"; };
		1A54F16CD779B51FFB2F8602 /* NSManagedObject+MagicalAggregation.m */ = {isa = PBXFileReference; fileEncoding = 4; lastKnownFileType = sourcecode.c.objc; path = "NSManagedObject+MagicalAggregation.m"; sourceTree = "<group>"; };
		1A54F1769BD7E1F9814B3DD6 /* NSNumber+MagicalDataImport.m */ = {isa = PBXFileReference; fileEncoding = 4; lastKnownFileType = sourcecode.c.objc; path = "NSNumber+MagicalDataImport.m"; sourceTree = "<group>"; };
		1A54F1793F06E7E050350573 /* MagicalRecord.m */ = {isa = PBXFileReference; fileEncoding = 4; lastKnownFileType = sourcecode.c.objc; path = MagicalRecord.m; sourceTree = "<group>"; };
		1A54F18438EE2FC2EDD6E253 /* MagicalRecord+Actions.m */ = {isa = PBXFileReference; fileEncoding = 4; lastKnownFileType = sourcecode.c.objc; path = "MagicalRecord+Actions.m"; sourceTree = "<group>"; };
		1A54F190420344C4E377992C /* MagicalRecord+ShorthandSupport.h */ = {isa = PBXFileReference; fileEncoding = 4; lastKnownFileType = sourcecode.c.h; path = "MagicalRecord+ShorthandSupport.h"; sourceTree = "<group>"; };
		1A54F1D2EA68CE893A1168AF /* CoreData+MagicalRecord.h */ = {isa = PBXFileReference; fileEncoding = 4; lastKnownFileType = sourcecode.c.h; path = "CoreData+MagicalRecord.h"; sourceTree = "<group>"; };
		1A54F20BC8E20174E715E84E /* NSManagedObjectContext+MagicalObserving.m */ = {isa = PBXFileReference; fileEncoding = 4; lastKnownFileType = sourcecode.c.objc; path = "NSManagedObjectContext+MagicalObserving.m"; sourceTree = "<group>"; };
		1A54F2337D77CCEE323454C4 /* ACChuckNorrisCell.h */ = {isa = PBXFileReference; fileEncoding = 4; lastKnownFileType = sourcecode.c.h; path = ACChuckNorrisCell.h; sourceTree = "<group>"; };
		1A54F2AD1D75482357C27AA5 /* MagicalRecord+Setup.h */ = {isa = PBXFileReference; fileEncoding = 4; lastKnownFileType = sourcecode.c.h; path = "MagicalRecord+Setup.h"; sourceTree = "<group>"; };
		1A54F2C495A5685D61695C74 /* NSManagedObjectModel+MagicalRecord.m */ = {isa = PBXFileReference; fileEncoding = 4; lastKnownFileType = sourcecode.c.objc; path = "NSManagedObjectModel+MagicalRecord.m"; sourceTree = "<group>"; };
		1A54F2CAE30C868A42B2C407 /* NSEntityDescription+MagicalDataImport.m */ = {isa = PBXFileReference; fileEncoding = 4; lastKnownFileType = sourcecode.c.objc; path = "NSEntityDescription+MagicalDataImport.m"; sourceTree = "<group>"; };
		1A54F2FB79DF93882B2A460A /* NSRelationshipDescription+MagicalDataImport.h */ = {isa = PBXFileReference; fileEncoding = 4; lastKnownFileType = sourcecode.c.h; path = "NSRelationshipDescription+MagicalDataImport.h"; sourceTree = "<group>"; };
		1A54F3019FBF8A3E44274FBB /* NSPersistentStoreCoordinator+MagicalRecord.m */ = {isa = PBXFileReference; fileEncoding = 4; lastKnownFileType = sourcecode.c.objc; path = "NSPersistentStoreCoordinator+MagicalRecord.m"; sourceTree = "<group>"; };
		1A54F308730C54366C4DF365 /* NSNumber+MagicalDataImport.h */ = {isa = PBXFileReference; fileEncoding = 4; lastKnownFileType = sourcecode.c.h; path = "NSNumber+MagicalDataImport.h"; sourceTree = "<group>"; };
		1A54F3BA7ED4DA1A8AA20597 /* NSManagedObject+MagicalDataImport.m */ = {isa = PBXFileReference; fileEncoding = 4; lastKnownFileType = sourcecode.c.objc; path = "NSManagedObject+MagicalDataImport.m"; sourceTree = "<group>"; };
		1A54F412DB0C0E0E390B8143 /* ACChuckNorrisCell.m */ = {isa = PBXFileReference; fileEncoding = 4; lastKnownFileType = sourcecode.c.objc; path = ACChuckNorrisCell.m; sourceTree = "<group>"; };
		1A54F414CB262571AF855DC3 /* MagicalRecord+iCloud.m */ = {isa = PBXFileReference; fileEncoding = 4; lastKnownFileType = sourcecode.c.objc; path = "MagicalRecord+iCloud.m"; sourceTree = "<group>"; };
		1A54F4651EE39429ECA5C68C /* MagicalRecord+Actions.h */ = {isa = PBXFileReference; fileEncoding = 4; lastKnownFileType = sourcecode.c.h; path = "MagicalRecord+Actions.h"; sourceTree = "<group>"; };
		1A54F467608A490A1B8E01D3 /* NSManagedObjectContext+MagicalThreading.m */ = {isa = PBXFileReference; fileEncoding = 4; lastKnownFileType = sourcecode.c.objc; path = "NSManagedObjectContext+MagicalThreading.m"; sourceTree = "<group>"; };
		1A54F4B8D3213F6F9904C024 /* ACAppDelegate.m */ = {isa = PBXFileReference; fileEncoding = 4; lastKnownFileType = sourcecode.c.objc; path = ACAppDelegate.m; sourceTree = "<group>"; };
		1A54F4F954CED6F8E464A107 /* ACDetailedCell.m */ = {isa = PBXFileReference; fileEncoding = 4; lastKnownFileType = sourcecode.c.objc; path = ACDetailedCell.m; sourceTree = "<group>"; };
		1A54F5275228B553D3DA2BF1 /* NSManagedObjectModel+MagicalRecord.h */ = {isa = PBXFileReference; fileEncoding = 4; lastKnownFileType = sourcecode.c.h; path = "NSManagedObjectModel+MagicalRecord.h"; sourceTree = "<group>"; };
		1A54F56454005EAE861B8871 /* NSPersistentStore+MagicalRecord.h */ = {isa = PBXFileReference; fileEncoding = 4; lastKnownFileType = sourcecode.c.h; path = "NSPersistentStore+MagicalRecord.h"; sourceTree = "<group>"; };
		1A54F5681056C5E1C3EEBC13 /* MagicalRecordShorthand.h */ = {isa = PBXFileReference; fileEncoding = 4; lastKnownFileType = sourcecode.c.h; path = MagicalRecordShorthand.h; sourceTree = "<group>"; };
		1A54F5BCC29EE63030A92674 /* NSManagedObjectContext+MagicalRecord.h */ = {isa = PBXFileReference; fileEncoding = 4; lastKnownFileType = sourcecode.c.h; path = "NSManagedObjectContext+MagicalRecord.h"; sourceTree = "<group>"; };
		1A54F5D1C57E35279E7176B4 /* MagicalRecord+Options.h */ = {isa = PBXFileReference; fileEncoding = 4; lastKnownFileType = sourcecode.c.h; path = "MagicalRecord+Options.h"; sourceTree = "<group>"; };
		1A54F5F30B5A6EDD41C3BEA3 /* MagicalRecord+ShorthandSupport.m */ = {isa = PBXFileReference; fileEncoding = 4; lastKnownFileType = sourcecode.c.objc; path = "MagicalRecord+ShorthandSupport.m"; sourceTree = "<group>"; };
		1A54F6029BD8CE54552AA811 /* NSRelationshipDescription+MagicalDataImport.m */ = {isa = PBXFileReference; fileEncoding = 4; lastKnownFileType = sourcecode.c.objc; path = "NSRelationshipDescription+MagicalDataImport.m"; sourceTree = "<group>"; };
		1A54F62EAF42A3B6980CC19B /* MagicalImportFunctions.m */ = {isa = PBXFileReference; fileEncoding = 4; lastKnownFileType = sourcecode.c.objc; path = MagicalImportFunctions.m; sourceTree = "<group>"; };
		1A54F633F04741CB096147FF /* MBProgressHUD.h */ = {isa = PBXFileReference; fileEncoding = 4; lastKnownFileType = sourcecode.c.h; path = MBProgressHUD.h; sourceTree = "<group>"; };
		1A54F636438209242B776330 /* NSAttributeDescription+MagicalDataImport.m */ = {isa = PBXFileReference; fileEncoding = 4; lastKnownFileType = sourcecode.c.objc; path = "NSAttributeDescription+MagicalDataImport.m"; sourceTree = "<group>"; };
		1A54F68275E699217BFA26CC /* MagicalRecord+Setup.m */ = {isa = PBXFileReference; fileEncoding = 4; lastKnownFileType = sourcecode.c.objc; path = "MagicalRecord+Setup.m"; sourceTree = "<group>"; };
		1A54F6F0E1F1D504FDB21E37 /* NSString+MagicalDataImport.m */ = {isa = PBXFileReference; fileEncoding = 4; lastKnownFileType = sourcecode.c.objc; path = "NSString+MagicalDataImport.m"; sourceTree = "<group>"; };
		1A54F73473E4DCB0B13A8F18 /* NSManagedObjectContext+MagicalSaves.h */ = {isa = PBXFileReference; fileEncoding = 4; lastKnownFileType = sourcecode.c.h; path = "NSManagedObjectContext+MagicalSaves.h"; sourceTree = "<group>"; };
		1A54F7560FA06C010B774511 /* NSManagedObjectContext+MagicalSaves.m */ = {isa = PBXFileReference; fileEncoding = 4; lastKnownFileType = sourcecode.c.objc; path = "NSManagedObjectContext+MagicalSaves.m"; sourceTree = "<group>"; };
		1A54F7D99BBA8573B0CAADD8 /* NSObject+MagicalDataImport.h */ = {isa = PBXFileReference; fileEncoding = 4; lastKnownFileType = sourcecode.c.h; path = "NSObject+MagicalDataImport.h"; sourceTree = "<group>"; };
		1A54F80763026CE564FD3AD2 /* NSManagedObject+MagicalAggregation.h */ = {isa = PBXFileReference; fileEncoding = 4; lastKnownFileType = sourcecode.c.h; path = "NSManagedObject+MagicalAggregation.h"; sourceTree = "<group>"; };
		1A54F810C89FEFBE8B277FE6 /* MagicalRecordLogging.h */ = {isa = PBXFileReference; fileEncoding = 4; lastKnownFileType = sourcecode.c.h; path = MagicalRecordLogging.h; sourceTree = "<group>"; };
		1A54F8CAA2539EE940033549 /* NSObject+MagicalDataImport.m */ = {isa = PBXFileReference; fileEncoding = 4; lastKnownFileType = sourcecode.c.objc; path = "NSObject+MagicalDataImport.m"; sourceTree = "<group>"; };
		1A54F95A86C5F058C50C7FCD /* ACAppDelegate.h */ = {isa = PBXFileReference; fileEncoding = 4; lastKnownFileType = sourcecode.c.h; path = ACAppDelegate.h; sourceTree = "<group>"; };
		1A54FA102BCA1435B31470CF /* NSManagedObject+MagicalRequests.h */ = {isa = PBXFileReference; fileEncoding = 4; lastKnownFileType = sourcecode.c.h; path = "NSManagedObject+MagicalRequests.h"; sourceTree = "<group>"; };
		1A54FA16A11EF6BE08FED638 /* MagicalRecord+ErrorHandling.m */ = {isa = PBXFileReference; fileEncoding = 4; lastKnownFileType = sourcecode.c.objc; path = "MagicalRecord+ErrorHandling.m"; sourceTree = "<group>"; };
		1A54FA6101A8F2CF7A976769 /* NSManagedObjectContext+MagicalThreading.h */ = {isa = PBXFileReference; fileEncoding = 4; lastKnownFileType = sourcecode.c.h; path = "NSManagedObjectContext+MagicalThreading.h"; sourceTree = "<group>"; };
		1A54FA728EA45D6D7598923E /* NSManagedObjectContext+MagicalRecord.m */ = {isa = PBXFileReference; fileEncoding = 4; lastKnownFileType = sourcecode.c.objc; path = "NSManagedObjectContext+MagicalRecord.m"; sourceTree = "<group>"; };
		1A54FA822C8113236096709C /* NSManagedObject+MagicalFinders.m */ = {isa = PBXFileReference; fileEncoding = 4; lastKnownFileType = sourcecode.c.objc; path = "NSManagedObject+MagicalFinders.m"; sourceTree = "<group>"; };
		1A54FAA8BC2853A12E6F5342 /* ACSamplePlayer.m */ = {isa = PBXFileReference; fileEncoding = 4; lastKnownFileType = sourcecode.c.objc; path = ACSamplePlayer.m; sourceTree = "<group>"; };
		1A54FAA9259A2F41956515C8 /* MagicalImportFunctions.h */ = {isa = PBXFileReference; fileEncoding = 4; lastKnownFileType = sourcecode.c.h; path = MagicalImportFunctions.h; sourceTree = "<group>"; };
		1A54FAABB31F9BB6C0B3CB3E /* NSPersistentStore+MagicalRecord.m */ = {isa = PBXFileReference; fileEncoding = 4; lastKnownFileType = sourcecode.c.objc; path = "NSPersistentStore+MagicalRecord.m"; sourceTree = "<group>"; };
		1A54FAB2A6BB1162553E6E11 /* ACSimpleCell.m */ = {isa = PBXFileReference; fileEncoding = 4; lastKnownFileType = sourcecode.c.objc; path = ACSimpleCell.m; sourceTree = "<group>"; };
		1A54FB284BEB4E650A440AAE /* NSManagedObject+MagicalFinders.h */ = {isa = PBXFileReference; fileEncoding = 4; lastKnownFileType = sourcecode.c.h; path = "NSManagedObject+MagicalFinders.h"; sourceTree = "<group>"; };
		1A54FB51FB86BB6E9E81ED32 /* MagicalRecord+ErrorHandling.h */ = {isa = PBXFileReference; fileEncoding = 4; lastKnownFileType = sourcecode.c.h; path = "MagicalRecord+ErrorHandling.h"; sourceTree = "<group>"; };
		1A54FB97A37D24DA12B2985B /* ACSimpleCell.xib */ = {isa = PBXFileReference; lastKnownFileType = file.xib; path = ACSimpleCell.xib; sourceTree = "<group>"; };
		1A54FBA4C0F69A0AEE6DC52E /* NSPersistentStoreCoordinator+MagicalRecord.h */ = {isa = PBXFileReference; fileEncoding = 4; lastKnownFileType = sourcecode.c.h; path = "NSPersistentStoreCoordinator+MagicalRecord.h"; sourceTree = "<group>"; };
		1A54FBEFA3AE2045A962AE5E /* NSManagedObject+MagicalRequests.m */ = {isa = PBXFileReference; fileEncoding = 4; lastKnownFileType = sourcecode.c.objc; path = "NSManagedObject+MagicalRequests.m"; sourceTree = "<group>"; };
		1A54FCBA10092458680FED13 /* NSManagedObjectContext+MagicalObserving.h */ = {isa = PBXFileReference; fileEncoding = 4; lastKnownFileType = sourcecode.c.h; path = "NSManagedObjectContext+MagicalObserving.h"; sourceTree = "<group>"; };
		1A54FCD700BE68F08A4BD62E /* NSAttributeDescription+MagicalDataImport.h */ = {isa = PBXFileReference; fileEncoding = 4; lastKnownFileType = sourcecode.c.h; path = "NSAttributeDescription+MagicalDataImport.h"; sourceTree = "<group>"; };
		1A54FCDA7DFB6C1FD847232C /* ACSimpleCell.h */ = {isa = PBXFileReference; fileEncoding = 4; lastKnownFileType = sourcecode.c.h; path = ACSimpleCell.h; sourceTree = "<group>"; };
		1A54FCEA018F0B7F20BBF2F4 /* NSEntityDescription+MagicalDataImport.h */ = {isa = PBXFileReference; fileEncoding = 4; lastKnownFileType = sourcecode.c.h; path = "NSEntityDescription+MagicalDataImport.h"; sourceTree = "<group>"; };
		1A54FCF5B0F0D85D53F768DB /* NSManagedObject+MagicalDataImport.h */ = {isa = PBXFileReference; fileEncoding = 4; lastKnownFileType = sourcecode.c.h; path = "NSManagedObject+MagicalDataImport.h"; sourceTree = "<group>"; };
		1A54FE02CD689F38B0A9DA1D /* NSString+MagicalDataImport.h */ = {isa = PBXFileReference; fileEncoding = 4; lastKnownFileType = sourcecode.c.h; path = "NSString+MagicalDataImport.h"; sourceTree = "<group>"; };
		1A54FE2AD4F2B210D5FFC724 /* NSManagedObject+MagicalRecord.h */ = {isa = PBXFileReference; fileEncoding = 4; lastKnownFileType = sourcecode.c.h; path = "NSManagedObject+MagicalRecord.h"; sourceTree = "<group>"; };
		1A54FEA5E0B22B50A703B9DD /* ACDetailedCell.h */ = {isa = PBXFileReference; fileEncoding = 4; lastKnownFileType = sourcecode.c.h; path = ACDetailedCell.h; sourceTree = "<group>"; };
		1A54FEEC044AE98A2654B2A7 /* MagicalRecord+Options.m */ = {isa = PBXFileReference; fileEncoding = 4; lastKnownFileType = sourcecode.c.objc; path = "MagicalRecord+Options.m"; sourceTree = "<group>"; };
		1A54FEF6AA08F65B9DA3D5F2 /* MBProgressHUD.m */ = {isa = PBXFileReference; fileEncoding = 4; lastKnownFileType = sourcecode.c.objc; path = MBProgressHUD.m; sourceTree = "<group>"; };
		1A54FFF02CBE8E5D1A6E1DF3 /* MagicalRecord+iCloud.h */ = {isa = PBXFileReference; fileEncoding = 4; lastKnownFileType = sourcecode.c.h; path = "MagicalRecord+iCloud.h"; sourceTree = "<group>"; };
		1A54FFF534EEF5201B045A06 /* NSManagedObject+MagicalRecord.m */ = {isa = PBXFileReference; fileEncoding = 4; lastKnownFileType = sourcecode.c.objc; path = "NSManagedObject+MagicalRecord.m"; sourceTree = "<group>"; };
		82493FCF1924E62500CBE431 /* ACMainViewController.xib */ = {isa = PBXFileReference; fileEncoding = 4; lastKnownFileType = file.xib; path = ACMainViewController.xib; sourceTree = "<group>"; };
		82493FD11924E63000CBE431 /* ACTableViewController.xib */ = {isa = PBXFileReference; fileEncoding = 4; lastKnownFileType = file.xib; path = ACTableViewController.xib; sourceTree = "<group>"; };
		82493FD31924E63F00CBE431 /* ACCollectionViewController.xib */ = {isa = PBXFileReference; fileEncoding = 4; lastKnownFileType = file.xib; path = ACCollectionViewController.xib; sourceTree = "<group>"; };
		82A7FC4018F6DA3200A29EB2 /* ACTestProject.app */ = {isa = PBXFileReference; explicitFileType = wrapper.application; includeInIndex = 0; path = ACTestProject.app; sourceTree = BUILT_PRODUCTS_DIR; };
		82A7FC4318F6DA3200A29EB2 /* Foundation.framework */ = {isa = PBXFileReference; lastKnownFileType = wrapper.framework; name = Foundation.framework; path = System/Library/Frameworks/Foundation.framework; sourceTree = SDKROOT; };
		82A7FC4518F6DA3200A29EB2 /* CoreGraphics.framework */ = {isa = PBXFileReference; lastKnownFileType = wrapper.framework; name = CoreGraphics.framework; path = System/Library/Frameworks/CoreGraphics.framework; sourceTree = SDKROOT; };
		82A7FC4718F6DA3200A29EB2 /* UIKit.framework */ = {isa = PBXFileReference; lastKnownFileType = wrapper.framework; name = UIKit.framework; path = System/Library/Frameworks/UIKit.framework; sourceTree = SDKROOT; };
		82A7FC4B18F6DA3200A29EB2 /* ACTestProject-Info.plist */ = {isa = PBXFileReference; lastKnownFileType = text.plist.xml; path = "ACTestProject-Info.plist"; sourceTree = "<group>"; };
		82A7FC4D18F6DA3200A29EB2 /* en */ = {isa = PBXFileReference; lastKnownFileType = text.plist.strings; name = en; path = en.lproj/InfoPlist.strings; sourceTree = "<group>"; };
		82A7FC4F18F6DA3200A29EB2 /* main.m */ = {isa = PBXFileReference; lastKnownFileType = sourcecode.c.objc; path = main.m; sourceTree = "<group>"; };
		82A7FC5118F6DA3200A29EB2 /* ACTestProject-Prefix.pch */ = {isa = PBXFileReference; lastKnownFileType = sourcecode.c.h; path = "ACTestProject-Prefix.pch"; sourceTree = "<group>"; };
		82A7FC5B18F6DA3200A29EB2 /* Images.xcassets */ = {isa = PBXFileReference; lastKnownFileType = folder.assetcatalog; path = Images.xcassets; sourceTree = "<group>"; };
		82A7FC6118F6DA3200A29EB2 /* ACTestProjectTests.xctest */ = {isa = PBXFileReference; explicitFileType = wrapper.cfbundle; includeInIndex = 0; path = ACTestProjectTests.xctest; sourceTree = BUILT_PRODUCTS_DIR; };
		82A7FC6218F6DA3200A29EB2 /* XCTest.framework */ = {isa = PBXFileReference; lastKnownFileType = wrapper.framework; name = XCTest.framework; path = Library/Frameworks/XCTest.framework; sourceTree = DEVELOPER_DIR; };
		82A7FC6A18F6DA3200A29EB2 /* ACTestProjectTests-Info.plist */ = {isa = PBXFileReference; lastKnownFileType = text.plist.xml; path = "ACTestProjectTests-Info.plist"; sourceTree = "<group>"; };
		82A7FC6C18F6DA3200A29EB2 /* en */ = {isa = PBXFileReference; lastKnownFileType = text.plist.strings; name = en; path = en.lproj/InfoPlist.strings; sourceTree = "<group>"; };
		82A7FC6E18F6DA3200A29EB2 /* ACTestProjectTests.m */ = {isa = PBXFileReference; lastKnownFileType = sourcecode.c.objc; path = ACTestProjectTests.m; sourceTree = "<group>"; };
		82BE1FF11922731C00B019B8 /* ACCollectionViewListCell.xib */ = {isa = PBXFileReference; fileEncoding = 4; lastKnownFileType = file.xib; path = ACCollectionViewListCell.xib; sourceTree = "<group>"; };
		82F1B55A18FBD49800F8AD9B /* CoreData.framework */ = {isa = PBXFileReference; lastKnownFileType = wrapper.framework; name = CoreData.framework; path = System/Library/Frameworks/CoreData.framework; sourceTree = SDKROOT; };
		938B50713CF8399AC4C5AFD8 /* ACCollectionViewAdapter.h */ = {isa = PBXFileReference; fileEncoding = 4; lastKnownFileType = sourcecode.c.h; path = ACCollectionViewAdapter.h; sourceTree = "<group>"; };
		938B5078DFB4F4DB43F9DE84 /* ACFetchedResultsDataSource.h */ = {isa = PBXFileReference; fileEncoding = 4; lastKnownFileType = sourcecode.c.h; path = ACFetchedResultsDataSource.h; sourceTree = "<group>"; };
		938B50834522F7FB0D6F9ED1 /* ACCollectionViewListCell.h */ = {isa = PBXFileReference; fileEncoding = 4; lastKnownFileType = sourcecode.c.h; path = ACCollectionViewListCell.h; sourceTree = "<group>"; };
		938B509F7F3154A41CAAB673 /* ACEndlessPagingController.h */ = {isa = PBXFileReference; fileEncoding = 4; lastKnownFileType = sourcecode.c.h; path = ACEndlessPagingController.h; sourceTree = "<group>"; };
		938B50C2FEA97F73920D6908 /* UIAlertView+ACBlocks.h */ = {isa = PBXFileReference; fileEncoding = 4; lastKnownFileType = sourcecode.c.h; path = "UIAlertView+ACBlocks.h"; sourceTree = "<group>"; };
		938B514E80CC87FC3C52B1D8 /* ACSegmentedDataSource.h */ = {isa = PBXFileReference; fileEncoding = 4; lastKnownFileType = sourcecode.c.h; path = ACSegmentedDataSource.h; sourceTree = "<group>"; };
		938B51AB124786D7ACE5D6F7 /* ACFetchedResultsDataSource.m */ = {isa = PBXFileReference; fileEncoding = 4; lastKnownFileType = sourcecode.c.objc; path = ACFetchedResultsDataSource.m; sourceTree = "<group>"; };
		938B51D78AE523D6F9C239EE /* ACSegmentedDataSource.m */ = {isa = PBXFileReference; fileEncoding = 4; lastKnownFileType = sourcecode.c.objc; path = ACSegmentedDataSource.m; sourceTree = "<group>"; };
		938B520A4839138E70595271 /* ACPickerViewController.xib */ = {isa = PBXFileReference; lastKnownFileType = file.xib; path = ACPickerViewController.xib; sourceTree = "<group>"; };
		938B52A1BF466399772BA019 /* ACEndlessPagingController.m */ = {isa = PBXFileReference; fileEncoding = 4; lastKnownFileType = sourcecode.c.objc; path = ACEndlessPagingController.m; sourceTree = "<group>"; };
		938B52AAA9EA4303D198529E /* ACPickerViewAdapter.m */ = {isa = PBXFileReference; fileEncoding = 4; lastKnownFileType = sourcecode.c.objc; path = ACPickerViewAdapter.m; sourceTree = "<group>"; };
		938B52C1577B75C788FEB1AB /* UIActionSheet+ACBlocks.h */ = {isa = PBXFileReference; fileEncoding = 4; lastKnownFileType = sourcecode.c.h; path = "UIActionSheet+ACBlocks.h"; sourceTree = "<group>"; };
		938B531D57C6E06616BD812F /* ACArrayDataSource.h */ = {isa = PBXFileReference; fileEncoding = 4; lastKnownFileType = sourcecode.c.h; path = ACArrayDataSource.h; sourceTree = "<group>"; };
		938B5381C753D47AADBE7231 /* ACPageController.m */ = {isa = PBXFileReference; fileEncoding = 4; lastKnownFileType = sourcecode.c.objc; path = ACPageController.m; sourceTree = "<group>"; };
		938B53A77F2B30384021C609 /* ACTableViewController.h */ = {isa = PBXFileReference; fileEncoding = 4; lastKnownFileType = sourcecode.c.h; path = ACTableViewController.h; sourceTree = "<group>"; };
		938B540A8AE89D0C852D8968 /* ACComponent.h */ = {isa = PBXFileReference; fileEncoding = 4; lastKnownFileType = sourcecode.c.h; path = ACComponent.h; sourceTree = "<group>"; };
		938B543D7B54D25FD51CB72C /* NSObject+ACClassName.h */ = {isa = PBXFileReference; fileEncoding = 4; lastKnownFileType = sourcecode.c.h; path = "NSObject+ACClassName.h"; sourceTree = "<group>"; };
		938B545A8EB15F30C676E74A /* ACPlayerTreatmentViewController.h */ = {isa = PBXFileReference; fileEncoding = 4; lastKnownFileType = sourcecode.c.h; path = ACPlayerTreatmentViewController.h; sourceTree = "<group>"; };
		938B54ACCA99BD35C7EE25BB /* ACDataSource.h */ = {isa = PBXFileReference; fileEncoding = 4; lastKnownFileType = sourcecode.c.h; path = ACDataSource.h; sourceTree = "<group>"; };
		938B54E6A282160E06DF583C /* ACTableViewAdapter.m */ = {isa = PBXFileReference; fileEncoding = 4; lastKnownFileType = sourcecode.c.objc; path = ACTableViewAdapter.m; sourceTree = "<group>"; };
		938B5515469D79FE4DB7903C /* ACActionSheetDelegate.m */ = {isa = PBXFileReference; fileEncoding = 4; lastKnownFileType = sourcecode.c.objc; path = ACActionSheetDelegate.m; sourceTree = "<group>"; };
		938B551F96F68D4E24120320 /* ACMainViewController.h */ = {isa = PBXFileReference; fileEncoding = 4; lastKnownFileType = sourcecode.c.h; path = ACMainViewController.h; sourceTree = "<group>"; };
		938B55359067216CCF1E12B8 /* UIView+ACAnimation.m */ = {isa = PBXFileReference; fileEncoding = 4; lastKnownFileType = sourcecode.c.objc; path = "UIView+ACAnimation.m"; sourceTree = "<group>"; };
		938B553D7EDAD5F5D5B05294 /* ACDateViewController.xib */ = {isa = PBXFileReference; lastKnownFileType = file.xib; path = ACDateViewController.xib; sourceTree = "<group>"; };
		938B55585807BFD3B48CFD8A /* UICollectionView+ACAdapter.m */ = {isa = PBXFileReference; fileEncoding = 4; lastKnownFileType = sourcecode.c.objc; path = "UICollectionView+ACAdapter.m"; sourceTree = "<group>"; };
		938B557C71C884614123BE2D /* ACDateViewController.h */ = {isa = PBXFileReference; fileEncoding = 4; lastKnownFileType = sourcecode.c.h; path = ACDateViewController.h; sourceTree = "<group>"; };
		938B55A95190AB4238C58F7D /* ACPlayerTreatmentViewController.m */ = {isa = PBXFileReference; fileEncoding = 4; lastKnownFileType = sourcecode.c.objc; path = ACPlayerTreatmentViewController.m; sourceTree = "<group>"; };
		938B55B4FB4F72EBA7978A54 /* UIView+ACNib.m */ = {isa = PBXFileReference; fileEncoding = 4; lastKnownFileType = sourcecode.c.objc; path = "UIView+ACNib.m"; sourceTree = "<group>"; };
		938B55DF1C7EA29FDA1C23CA /* ACSampleNetworkManager.m */ = {isa = PBXFileReference; fileEncoding = 4; lastKnownFileType = sourcecode.c.objc; path = ACSampleNetworkManager.m; sourceTree = "<group>"; };
		938B560E6EFFD70602F837F8 /* ACTableViewCell.h */ = {isa = PBXFileReference; fileEncoding = 4; lastKnownFileType = sourcecode.c.h; path = ACTableViewCell.h; sourceTree = "<group>"; };
		938B563CF19999468C7B4687 /* ACTableViewAdapter.h */ = {isa = PBXFileReference; fileEncoding = 4; lastKnownFileType = sourcecode.c.h; path = ACTableViewAdapter.h; sourceTree = "<group>"; };
		938B5688811B5B3234C9F096 /* UIPickerView+ACAdapter.m */ = {isa = PBXFileReference; fileEncoding = 4; lastKnownFileType = sourcecode.c.objc; path = "UIPickerView+ACAdapter.m"; sourceTree = "<group>"; };
		938B56B0032DE3C42F3AC4E2 /* ACActionSheetDelegate.h */ = {isa = PBXFileReference; fileEncoding = 4; lastKnownFileType = sourcecode.c.h; path = ACActionSheetDelegate.h; sourceTree = "<group>"; };
		938B5766CA3E4EFE98C1B0AE /* ACPickerViewAdapter.h */ = {isa = PBXFileReference; fileEncoding = 4; lastKnownFileType = sourcecode.c.h; path = ACPickerViewAdapter.h; sourceTree = "<group>"; };
		938B57D579AB730C07A30DD4 /* UIPickerView+ACAdapter.h */ = {isa = PBXFileReference; fileEncoding = 4; lastKnownFileType = sourcecode.c.h; path = "UIPickerView+ACAdapter.h"; sourceTree = "<group>"; };
		938B57EAB6CE61DBE3A2FF63 /* UIViewController+ACPageNumber.h */ = {isa = PBXFileReference; fileEncoding = 4; lastKnownFileType = sourcecode.c.h; path = "UIViewController+ACPageNumber.h"; sourceTree = "<group>"; };
		938B57F939072CFEC3E71E6D /* ACObjectConsuming.h */ = {isa = PBXFileReference; fileEncoding = 4; lastKnownFileType = sourcecode.c.h; path = ACObjectConsuming.h; sourceTree = "<group>"; };
		938B581B25CA0E8C7F19D19C /* ACArrayDataSource.m */ = {isa = PBXFileReference; fileEncoding = 4; lastKnownFileType = sourcecode.c.objc; path = ACArrayDataSource.m; sourceTree = "<group>"; };
		938B586A7C6C8A96D167A08D /* ACPageController.h */ = {isa = PBXFileReference; fileEncoding = 4; lastKnownFileType = sourcecode.c.h; path = ACPageController.h; sourceTree = "<group>"; };
		938B58894F1B7B20A8DA854A /* ACMainViewController.m */ = {isa = PBXFileReference; fileEncoding = 4; lastKnownFileType = sourcecode.c.objc; path = ACMainViewController.m; sourceTree = "<group>"; };
		938B589D4DBED33FDFBE12E7 /* UIPageViewController+ACPageController.m */ = {isa = PBXFileReference; fileEncoding = 4; lastKnownFileType = sourcecode.c.objc; path = "UIPageViewController+ACPageController.m"; sourceTree = "<group>"; };
		938B58AE3B16BB125C2029CA /* ACTableViewController.m */ = {isa = PBXFileReference; fileEncoding = 4; lastKnownFileType = sourcecode.c.objc; path = ACTableViewController.m; sourceTree = "<group>"; };
		938B58F3C7660EA80F71E0E2 /* ACCollectionViewListCell.m */ = {isa = PBXFileReference; fileEncoding = 4; lastKnownFileType = sourcecode.c.objc; path = ACCollectionViewListCell.m; sourceTree = "<group>"; };
		938B593841498B7298BD818D /* ACSampleNetworkManager.h */ = {isa = PBXFileReference; fileEncoding = 4; lastKnownFileType = sourcecode.c.h; path = ACSampleNetworkManager.h; sourceTree = "<group>"; };
		938B5982AE9B6FEECC8886CE /* ACUtils.h */ = {isa = PBXFileReference; fileEncoding = 4; lastKnownFileType = sourcecode.c.h; path = ACUtils.h; sourceTree = "<group>"; };
		938B59E8D5EE3D135E5E34F1 /* ACComponentsDataSource.h */ = {isa = PBXFileReference; fileEncoding = 4; lastKnownFileType = sourcecode.c.h; path = ACComponentsDataSource.h; sourceTree = "<group>"; };
		938B59EAC4ABB56625305854 /* UIAlertView+ACBlocks.m */ = {isa = PBXFileReference; fileEncoding = 4; lastKnownFileType = sourcecode.c.objc; path = "UIAlertView+ACBlocks.m"; sourceTree = "<group>"; };
		938B5B07826BCA1626AAF2CF /* UIView+TLKAppearance.h */ = {isa = PBXFileReference; fileEncoding = 4; lastKnownFileType = sourcecode.c.h; path = "UIView+TLKAppearance.h"; sourceTree = "<group>"; };
		938B5B1967800AD628AC54B2 /* UIView+ACFrames.h */ = {isa = PBXFileReference; fileEncoding = 4; lastKnownFileType = sourcecode.c.h; path = "UIView+ACFrames.h"; sourceTree = "<group>"; };
		938B5B3A734C3EB565C63C9A /* ACPickerViewController.h */ = {isa = PBXFileReference; fileEncoding = 4; lastKnownFileType = sourcecode.c.h; path = ACPickerViewController.h; sourceTree = "<group>"; };
		938B5B48E8445DEC1D3B5D38 /* ACCollectionViewController.m */ = {isa = PBXFileReference; fileEncoding = 4; lastKnownFileType = sourcecode.c.objc; path = ACCollectionViewController.m; sourceTree = "<group>"; };
		938B5BA9CC7602AA7DDFE376 /* ACSamplePlayer+Extension.m */ = {isa = PBXFileReference; fileEncoding = 4; lastKnownFileType = sourcecode.c.objc; path = "ACSamplePlayer+Extension.m"; sourceTree = "<group>"; };
		938B5BF1976F8C9F28614727 /* UITableView+ACAdapter.m */ = {isa = PBXFileReference; fileEncoding = 4; lastKnownFileType = sourcecode.c.objc; path = "UITableView+ACAdapter.m"; sourceTree = "<group>"; };
		938B5C11F69106BBA6BA5544 /* UIActionSheet+ACBlocks.m */ = {isa = PBXFileReference; fileEncoding = 4; lastKnownFileType = sourcecode.c.objc; path = "UIActionSheet+ACBlocks.m"; sourceTree = "<group>"; };
		938B5C286AB742DF56A421BB /* NSObject+ACClassName.m */ = {isa = PBXFileReference; fileEncoding = 4; lastKnownFileType = sourcecode.c.objc; path = "NSObject+ACClassName.m"; sourceTree = "<group>"; };
		938B5C4482DB78BFC8AF6351 /* UIView+ACNib.h */ = {isa = PBXFileReference; fileEncoding = 4; lastKnownFileType = sourcecode.c.h; path = "UIView+ACNib.h"; sourceTree = "<group>"; };
		938B5CCE8B44A38CEAC15202 /* ACDateViewController.m */ = {isa = PBXFileReference; fileEncoding = 4; lastKnownFileType = sourcecode.c.objc; path = ACDateViewController.m; sourceTree = "<group>"; };
		938B5CDBC117AA0DB36A41BA /* UIPageViewController+ACPageController.h */ = {isa = PBXFileReference; fileEncoding = 4; lastKnownFileType = sourcecode.c.h; path = "UIPageViewController+ACPageController.h"; sourceTree = "<group>"; };
		938B5CEEA3153BA0AC048D89 /* UIView+ACFrames.m */ = {isa = PBXFileReference; fileEncoding = 4; lastKnownFileType = sourcecode.c.objc; path = "UIView+ACFrames.m"; sourceTree = "<group>"; };
		938B5CFC6B48FD5EE1BA143F /* ACCollectionViewAdapter.m */ = {isa = PBXFileReference; fileEncoding = 4; lastKnownFileType = sourcecode.c.objc; path = ACCollectionViewAdapter.m; sourceTree = "<group>"; };
		938B5D767B2580B6B9DD57F7 /* ACPickerViewController.m */ = {isa = PBXFileReference; fileEncoding = 4; lastKnownFileType = sourcecode.c.objc; path = ACPickerViewController.m; sourceTree = "<group>"; };
		938B5D8F63A3413BD27D912F /* ACTableViewHeaderFooter.h */ = {isa = PBXFileReference; fileEncoding = 4; lastKnownFileType = sourcecode.c.h; path = ACTableViewHeaderFooter.h; sourceTree = "<group>"; };
		938B5E0AE23052937DE78AF8 /* ACComponent.m */ = {isa = PBXFileReference; fileEncoding = 4; lastKnownFileType = sourcecode.c.objc; path = ACComponent.m; sourceTree = "<group>"; };
		938B5E63D4D87B24578176FC /* ACSamplePlayer+Extension.h */ = {isa = PBXFileReference; fileEncoding = 4; lastKnownFileType = sourcecode.c.h; path = "ACSamplePlayer+Extension.h"; sourceTree = "<group>"; };
		938B5E655C096FB5D735390B /* ACAlertViewDelegate.m */ = {isa = PBXFileReference; fileEncoding = 4; lastKnownFileType = sourcecode.c.objc; path = ACAlertViewDelegate.m; sourceTree = "<group>"; };
		938B5E69607E695EB46F52D7 /* UITableView+ACAdapter.h */ = {isa = PBXFileReference; fileEncoding = 4; lastKnownFileType = sourcecode.c.h; path = "UITableView+ACAdapter.h"; sourceTree = "<group>"; };
		938B5EB4A520D67671C320CC /* ACCollectionViewController.h */ = {isa = PBXFileReference; fileEncoding = 4; lastKnownFileType = sourcecode.c.h; path = ACCollectionViewController.h; sourceTree = "<group>"; };
		938B5EB9B07E107348A0F3A4 /* ACAlertViewDelegate.h */ = {isa = PBXFileReference; fileEncoding = 4; lastKnownFileType = sourcecode.c.h; path = ACAlertViewDelegate.h; sourceTree = "<group>"; };
		938B5EC835F7D42D9448C48D /* ACComponentsDataSource.m */ = {isa = PBXFileReference; fileEncoding = 4; lastKnownFileType = sourcecode.c.objc; path = ACComponentsDataSource.m; sourceTree = "<group>"; };
		938B5F1469251B6EB84A5C29 /* UIView+TLKAppearance.m */ = {isa = PBXFileReference; fileEncoding = 4; lastKnownFileType = sourcecode.c.objc; path = "UIView+TLKAppearance.m"; sourceTree = "<group>"; };
		938B5F2C438B10938994C3E6 /* ACDataSourceDefinitions.h */ = {isa = PBXFileReference; fileEncoding = 4; lastKnownFileType = sourcecode.c.h; path = ACDataSourceDefinitions.h; sourceTree = "<group>"; };
		938B5F6359653C882C7D6FB5 /* UIView+ACAnimation.h */ = {isa = PBXFileReference; fileEncoding = 4; lastKnownFileType = sourcecode.c.h; path = "UIView+ACAnimation.h"; sourceTree = "<group>"; };
		938B5FE8208055E054C0E158 /* UICollectionView+ACAdapter.h */ = {isa = PBXFileReference; fileEncoding = 4; lastKnownFileType = sourcecode.c.h; path = "UICollectionView+ACAdapter.h"; sourceTree = "<group>"; };
		938B5FF5AC7F39F61B785873 /* UIViewController+ACPageNumber.m */ = {isa = PBXFileReference; fileEncoding = 4; lastKnownFileType = sourcecode.c.objc; path = "UIViewController+ACPageNumber.m"; sourceTree = "<group>"; };
/* End PBXFileReference section */

/* Begin PBXFrameworksBuildPhase section */
		82A7FC3D18F6DA3200A29EB2 /* Frameworks */ = {
			isa = PBXFrameworksBuildPhase;
			buildActionMask = 2147483647;
			files = (
				82F1B55B18FBD49800F8AD9B /* CoreData.framework in Frameworks */,
				82A7FC4618F6DA3200A29EB2 /* CoreGraphics.framework in Frameworks */,
				82A7FC4818F6DA3200A29EB2 /* UIKit.framework in Frameworks */,
				82A7FC4418F6DA3200A29EB2 /* Foundation.framework in Frameworks */,
			);
			runOnlyForDeploymentPostprocessing = 0;
		};
		82A7FC5E18F6DA3200A29EB2 /* Frameworks */ = {
			isa = PBXFrameworksBuildPhase;
			buildActionMask = 2147483647;
			files = (
				82A7FC6318F6DA3200A29EB2 /* XCTest.framework in Frameworks */,
				82A7FC6518F6DA3200A29EB2 /* UIKit.framework in Frameworks */,
				82A7FC6418F6DA3200A29EB2 /* Foundation.framework in Frameworks */,
			);
			runOnlyForDeploymentPostprocessing = 0;
		};
/* End PBXFrameworksBuildPhase section */

/* Begin PBXGroup section */
		1A54F07B6E61DAA757D895B1 /* Views */ = {
			isa = PBXGroup;
			children = (
				1A54F2A7653C64075EBF3012 /* Simple Cell */,
				1A54F49B4FBA190BE9476DEA /* Detailed Cell */,
				1A54F11237F353B2E7D2E8B1 /* Chuck Norris Cell */,
				938B55B91955FB507A1A7293 /* CollectionListCell */,
			);
			path = Views;
			sourceTree = "<group>";
		};
		1A54F11237F353B2E7D2E8B1 /* Chuck Norris Cell */ = {
			isa = PBXGroup;
			children = (
				1A54F412DB0C0E0E390B8143 /* ACChuckNorrisCell.m */,
				049458121908092000508E78 /* ACChuckNorrisCell.xib */,
				1A54F2337D77CCEE323454C4 /* ACChuckNorrisCell.h */,
			);
			path = "Chuck Norris Cell";
			sourceTree = "<group>";
		};
		1A54F18567CA7D19AA42A216 /* Libs */ = {
			isa = PBXGroup;
			children = (
				1A54F2C45A23E660F6D6DA3E /* MagicalRecord */,
				1A54F5AF4D8108CFC7513A57 /* MBProgressHUD */,
				938B5C1DAF6B127A00AA8BB2 /* UIView + TLKAppearance */,
				938B5DAD6FA8CE7B29BCBD01 /* AC Utils */,
			);
			path = Libs;
			sourceTree = "<group>";
		};
		1A54F2371C88D3569EA900D0 /* DataImport */ = {
			isa = PBXGroup;
			children = (
				1A54FAA9259A2F41956515C8 /* MagicalImportFunctions.h */,
				1A54F62EAF42A3B6980CC19B /* MagicalImportFunctions.m */,
				1A54F308730C54366C4DF365 /* NSNumber+MagicalDataImport.h */,
				1A54F1769BD7E1F9814B3DD6 /* NSNumber+MagicalDataImport.m */,
				1A54F7D99BBA8573B0CAADD8 /* NSObject+MagicalDataImport.h */,
				1A54F8CAA2539EE940033549 /* NSObject+MagicalDataImport.m */,
				1A54FE02CD689F38B0A9DA1D /* NSString+MagicalDataImport.h */,
				1A54F6F0E1F1D504FDB21E37 /* NSString+MagicalDataImport.m */,
				1A54FCEA018F0B7F20BBF2F4 /* NSEntityDescription+MagicalDataImport.h */,
				1A54F2CAE30C868A42B2C407 /* NSEntityDescription+MagicalDataImport.m */,
				1A54FCD700BE68F08A4BD62E /* NSAttributeDescription+MagicalDataImport.h */,
				1A54F636438209242B776330 /* NSAttributeDescription+MagicalDataImport.m */,
				1A54F2FB79DF93882B2A460A /* NSRelationshipDescription+MagicalDataImport.h */,
				1A54F6029BD8CE54552AA811 /* NSRelationshipDescription+MagicalDataImport.m */,
			);
			path = DataImport;
			sourceTree = "<group>";
		};
		1A54F2A7653C64075EBF3012 /* Simple Cell */ = {
			isa = PBXGroup;
			children = (
				1A54FAB2A6BB1162553E6E11 /* ACSimpleCell.m */,
				1A54FB97A37D24DA12B2985B /* ACSimpleCell.xib */,
				1A54FCDA7DFB6C1FD847232C /* ACSimpleCell.h */,
			);
			path = "Simple Cell";
			sourceTree = "<group>";
		};
		1A54F2C45A23E660F6D6DA3E /* MagicalRecord */ = {
			isa = PBXGroup;
			children = (
				1A54F80385B7F42E30494F06 /* Core */,
				1A54FA6FFED9926BC5E81061 /* Categories */,
				1A54F1D2EA68CE893A1168AF /* CoreData+MagicalRecord.h */,
			);
			path = MagicalRecord;
			sourceTree = "<group>";
		};
		1A54F49B4FBA190BE9476DEA /* Detailed Cell */ = {
			isa = PBXGroup;
			children = (
				1A54F4F954CED6F8E464A107 /* ACDetailedCell.m */,
				1A54FEA5E0B22B50A703B9DD /* ACDetailedCell.h */,
				0494580C1907EFCA00508E78 /* ACDetailedCell.xib */,
			);
			path = "Detailed Cell";
			sourceTree = "<group>";
		};
		1A54F4DDF28E575CB0C19342 /* Player */ = {
			isa = PBXGroup;
			children = (
				1A54FAA8BC2853A12E6F5342 /* ACSamplePlayer.m */,
				1A54F054324F2890AEFECB60 /* ACSamplePlayer.h */,
				938B5BA9CC7602AA7DDFE376 /* ACSamplePlayer+Extension.m */,
				938B5E63D4D87B24578176FC /* ACSamplePlayer+Extension.h */,
			);
			path = Player;
			sourceTree = "<group>";
		};
		1A54F5852761BF9825B3E9D7 /* AppDelegate */ = {
			isa = PBXGroup;
			children = (
				1A54F4B8D3213F6F9904C024 /* ACAppDelegate.m */,
				1A54F95A86C5F058C50C7FCD /* ACAppDelegate.h */,
			);
			path = AppDelegate;
			sourceTree = "<group>";
		};
		1A54F5AF4D8108CFC7513A57 /* MBProgressHUD */ = {
			isa = PBXGroup;
			children = (
				1A54FEF6AA08F65B9DA3D5F2 /* MBProgressHUD.m */,
				1A54F633F04741CB096147FF /* MBProgressHUD.h */,
			);
			path = MBProgressHUD;
			sourceTree = "<group>";
		};
		1A54F80385B7F42E30494F06 /* Core */ = {
			isa = PBXGroup;
			children = (
				1A54F025576946AB537AF6B9 /* MagicalRecord.h */,
				1A54F1793F06E7E050350573 /* MagicalRecord.m */,
				1A54F2AD1D75482357C27AA5 /* MagicalRecord+Setup.h */,
				1A54F68275E699217BFA26CC /* MagicalRecord+Setup.m */,
				1A54FFF02CBE8E5D1A6E1DF3 /* MagicalRecord+iCloud.h */,
				1A54F414CB262571AF855DC3 /* MagicalRecord+iCloud.m */,
				1A54F810C89FEFBE8B277FE6 /* MagicalRecordLogging.h */,
				1A54F4651EE39429ECA5C68C /* MagicalRecord+Actions.h */,
				1A54F18438EE2FC2EDD6E253 /* MagicalRecord+Actions.m */,
				1A54F5D1C57E35279E7176B4 /* MagicalRecord+Options.h */,
				1A54FEEC044AE98A2654B2A7 /* MagicalRecord+Options.m */,
				1A54F5681056C5E1C3EEBC13 /* MagicalRecordShorthand.h */,
				1A54F113AD5AB8763ED54F98 /* MagicalRecordDeprecated.h */,
				1A54FB51FB86BB6E9E81ED32 /* MagicalRecord+ErrorHandling.h */,
				1A54FA16A11EF6BE08FED638 /* MagicalRecord+ErrorHandling.m */,
				1A54F190420344C4E377992C /* MagicalRecord+ShorthandSupport.h */,
				1A54F5F30B5A6EDD41C3BEA3 /* MagicalRecord+ShorthandSupport.m */,
			);
			path = Core;
			sourceTree = "<group>";
		};
		1A54FA6FFED9926BC5E81061 /* Categories */ = {
			isa = PBXGroup;
			children = (
				1A54F2371C88D3569EA900D0 /* DataImport */,
				1A54FB008C913FD2134005A0 /* NSManagedObject */,
				1A54FB083F87E0B7017ADB21 /* NSManagedObjectContext */,
				1A54F56454005EAE861B8871 /* NSPersistentStore+MagicalRecord.h */,
				1A54FAABB31F9BB6C0B3CB3E /* NSPersistentStore+MagicalRecord.m */,
				1A54F5275228B553D3DA2BF1 /* NSManagedObjectModel+MagicalRecord.h */,
				1A54F2C495A5685D61695C74 /* NSManagedObjectModel+MagicalRecord.m */,
				1A54FBA4C0F69A0AEE6DC52E /* NSPersistentStoreCoordinator+MagicalRecord.h */,
				1A54F3019FBF8A3E44274FBB /* NSPersistentStoreCoordinator+MagicalRecord.m */,
			);
			path = Categories;
			sourceTree = "<group>";
		};
		1A54FB008C913FD2134005A0 /* NSManagedObject */ = {
			isa = PBXGroup;
			children = (
				1A54FE2AD4F2B210D5FFC724 /* NSManagedObject+MagicalRecord.h */,
				1A54FFF534EEF5201B045A06 /* NSManagedObject+MagicalRecord.m */,
				1A54FB284BEB4E650A440AAE /* NSManagedObject+MagicalFinders.h */,
				1A54FA822C8113236096709C /* NSManagedObject+MagicalFinders.m */,
				1A54FA102BCA1435B31470CF /* NSManagedObject+MagicalRequests.h */,
				1A54FBEFA3AE2045A962AE5E /* NSManagedObject+MagicalRequests.m */,
				1A54FCF5B0F0D85D53F768DB /* NSManagedObject+MagicalDataImport.h */,
				1A54F3BA7ED4DA1A8AA20597 /* NSManagedObject+MagicalDataImport.m */,
				1A54F80763026CE564FD3AD2 /* NSManagedObject+MagicalAggregation.h */,
				1A54F16CD779B51FFB2F8602 /* NSManagedObject+MagicalAggregation.m */,
			);
			path = NSManagedObject;
			sourceTree = "<group>";
		};
		1A54FB083F87E0B7017ADB21 /* NSManagedObjectContext */ = {
			isa = PBXGroup;
			children = (
				1A54F73473E4DCB0B13A8F18 /* NSManagedObjectContext+MagicalSaves.h */,
				1A54F7560FA06C010B774511 /* NSManagedObjectContext+MagicalSaves.m */,
				1A54F5BCC29EE63030A92674 /* NSManagedObjectContext+MagicalRecord.h */,
				1A54FA728EA45D6D7598923E /* NSManagedObjectContext+MagicalRecord.m */,
				1A54FCBA10092458680FED13 /* NSManagedObjectContext+MagicalObserving.h */,
				1A54F20BC8E20174E715E84E /* NSManagedObjectContext+MagicalObserving.m */,
				1A54FA6101A8F2CF7A976769 /* NSManagedObjectContext+MagicalThreading.h */,
				1A54F467608A490A1B8E01D3 /* NSManagedObjectContext+MagicalThreading.m */,
			);
			path = NSManagedObjectContext;
			sourceTree = "<group>";
		};
		1A54FB55106A7CA4E98D92C1 /* Model */ = {
			isa = PBXGroup;
			children = (
				04D1A40C1907EC3900746D6B /* Model.xcdatamodeld */,
				1A54F4DDF28E575CB0C19342 /* Player */,
			);
			path = Model;
			sourceTree = "<group>";
		};
		1A54FF28EA1E3F80814DF609 /* View Controllers */ = {
			isa = PBXGroup;
			children = (
				938B569B8FF68283977A1AA5 /* Main ViewController */,
				938B555AF015448870D683AA /* Table ViewController */,
				938B5A40FAF44B91CC64E00A /* Collection ViewController */,
				938B54C7FA751DCD265A7324 /* Player Treatment ViewController */,
				938B5FBFF2EBDEA7ED2E5D7D /* Picker ViewController */,
			);
			path = "View Controllers";
			sourceTree = "<group>";
		};
		82A7FC3718F6DA3100A29EB2 = {
			isa = PBXGroup;
			children = (
				82A7FC4918F6DA3200A29EB2 /* ACTestProject */,
				82A7FC6818F6DA3200A29EB2 /* ACTestProjectTests */,
				82A7FC4218F6DA3200A29EB2 /* Frameworks */,
				82A7FC4118F6DA3200A29EB2 /* Products */,
			);
			sourceTree = "<group>";
		};
		82A7FC4118F6DA3200A29EB2 /* Products */ = {
			isa = PBXGroup;
			children = (
				82A7FC4018F6DA3200A29EB2 /* ACTestProject.app */,
				82A7FC6118F6DA3200A29EB2 /* ACTestProjectTests.xctest */,
			);
			name = Products;
			sourceTree = "<group>";
		};
		82A7FC4218F6DA3200A29EB2 /* Frameworks */ = {
			isa = PBXGroup;
			children = (
				82F1B55A18FBD49800F8AD9B /* CoreData.framework */,
				82A7FC4318F6DA3200A29EB2 /* Foundation.framework */,
				82A7FC4518F6DA3200A29EB2 /* CoreGraphics.framework */,
				82A7FC4718F6DA3200A29EB2 /* UIKit.framework */,
				82A7FC6218F6DA3200A29EB2 /* XCTest.framework */,
			);
			name = Frameworks;
			sourceTree = "<group>";
		};
		82A7FC4918F6DA3200A29EB2 /* ACTestProject */ = {
			isa = PBXGroup;
			children = (
				82A7FC5B18F6DA3200A29EB2 /* Images.xcassets */,
				82A7FC4A18F6DA3200A29EB2 /* Supporting Files */,
				938B5706847FF2B727A18A35 /* Network Manager */,
				1A54F18567CA7D19AA42A216 /* Libs */,
				1A54F07B6E61DAA757D895B1 /* Views */,
				1A54F5852761BF9825B3E9D7 /* AppDelegate */,
				1A54FF28EA1E3F80814DF609 /* View Controllers */,
				1A54FB55106A7CA4E98D92C1 /* Model */,
			);
			path = ACTestProject;
			sourceTree = "<group>";
		};
		82A7FC4A18F6DA3200A29EB2 /* Supporting Files */ = {
			isa = PBXGroup;
			children = (
				82A7FC4B18F6DA3200A29EB2 /* ACTestProject-Info.plist */,
				82A7FC4C18F6DA3200A29EB2 /* InfoPlist.strings */,
				82A7FC4F18F6DA3200A29EB2 /* main.m */,
				82A7FC5118F6DA3200A29EB2 /* ACTestProject-Prefix.pch */,
			);
			name = "Supporting Files";
			sourceTree = "<group>";
		};
		82A7FC6818F6DA3200A29EB2 /* ACTestProjectTests */ = {
			isa = PBXGroup;
			children = (
				82A7FC6E18F6DA3200A29EB2 /* ACTestProjectTests.m */,
				82A7FC6918F6DA3200A29EB2 /* Supporting Files */,
			);
			path = ACTestProjectTests;
			sourceTree = "<group>";
		};
		82A7FC6918F6DA3200A29EB2 /* Supporting Files */ = {
			isa = PBXGroup;
			children = (
				82A7FC6A18F6DA3200A29EB2 /* ACTestProjectTests-Info.plist */,
				82A7FC6B18F6DA3200A29EB2 /* InfoPlist.strings */,
			);
			name = "Supporting Files";
			sourceTree = "<group>";
		};
		938B501B4294B12DE01F8067 /* Components Data Source */ = {
			isa = PBXGroup;
			children = (
				938B5D8FD4700EB3B0045F00 /* Component */,
				938B59E8D5EE3D135E5E34F1 /* ACComponentsDataSource.h */,
				938B5EC835F7D42D9448C48D /* ACComponentsDataSource.m */,
			);
			path = "Components Data Source";
			sourceTree = "<group>";
		};
		938B51043F933EB3BE1596D1 /* UIPickerView */ = {
			isa = PBXGroup;
			children = (
				938B5490DC42F3315FC7596C /* Adapter */,
				938B52770196D1EE96C4378F /* UIPickerView + ACAdapter */,
			);
			path = UIPickerView;
			sourceTree = "<group>";
		};
		938B516D026C9DDD44F627E4 /* UIViewController + PageNumber */ = {
			isa = PBXGroup;
			children = (
				938B57EAB6CE61DBE3A2FF63 /* UIViewController+ACPageNumber.h */,
				938B5FF5AC7F39F61B785873 /* UIViewController+ACPageNumber.m */,
			);
			path = "UIViewController + PageNumber";
			sourceTree = "<group>";
		};
		938B51A03910F28D3EBC199D /* Endless Paging Controller */ = {
			isa = PBXGroup;
			children = (
				938B51CB7DAF0C837C4CCA15 /* Paging Controller */,
				938B516D026C9DDD44F627E4 /* UIViewController + PageNumber */,
			);
			path = "Endless Paging Controller";
			sourceTree = "<group>";
		};
		938B51CB7DAF0C837C4CCA15 /* Paging Controller */ = {
			isa = PBXGroup;
			children = (
				938B509F7F3154A41CAAB673 /* ACEndlessPagingController.h */,
				938B52A1BF466399772BA019 /* ACEndlessPagingController.m */,
			);
			path = "Paging Controller";
			sourceTree = "<group>";
		};
		938B5218D6BA0947C9EC8A54 /* UICollectionView + ACAdapter */ = {
			isa = PBXGroup;
			children = (
				938B5FE8208055E054C0E158 /* UICollectionView+ACAdapter.h */,
				938B55585807BFD3B48CFD8A /* UICollectionView+ACAdapter.m */,
			);
			path = "UICollectionView + ACAdapter";
			sourceTree = "<group>";
		};
		938B52770196D1EE96C4378F /* UIPickerView + ACAdapter */ = {
			isa = PBXGroup;
			children = (
				938B57D579AB730C07A30DD4 /* UIPickerView+ACAdapter.h */,
				938B5688811B5B3234C9F096 /* UIPickerView+ACAdapter.m */,
			);
			path = "UIPickerView + ACAdapter";
			sourceTree = "<group>";
		};
		938B52823221FAD008AADC8F /* UICollectionView */ = {
			isa = PBXGroup;
			children = (
				938B5D328A8F2CEB9BD1AB63 /* Adapter */,
				938B5218D6BA0947C9EC8A54 /* UICollectionView + ACAdapter */,
			);
			path = UICollectionView;
			sourceTree = "<group>";
		};
		938B52A527F65B4571A859D5 /* Delegate */ = {
			isa = PBXGroup;
			children = (
				938B56B0032DE3C42F3AC4E2 /* ACActionSheetDelegate.h */,
				938B5515469D79FE4DB7903C /* ACActionSheetDelegate.m */,
			);
			path = Delegate;
			sourceTree = "<group>";
		};
		938B52C2BDC650D3F7B6E41C /* Definitions */ = {
			isa = PBXGroup;
			children = (
				938B5F2C438B10938994C3E6 /* ACDataSourceDefinitions.h */,
			);
			path = Definitions;
			sourceTree = "<group>";
		};
		938B53C6C2DEAD7E2AF71190 /* DataSource Protocol */ = {
			isa = PBXGroup;
			children = (
				938B54ACCA99BD35C7EE25BB /* ACDataSource.h */,
			);
			path = "DataSource Protocol";
			sourceTree = "<group>";
		};
		938B54606645F861062A84D3 /* Array Data Source */ = {
			isa = PBXGroup;
			children = (
				938B531D57C6E06616BD812F /* ACArrayDataSource.h */,
				938B581B25CA0E8C7F19D19C /* ACArrayDataSource.m */,
			);
			path = "Array Data Source";
			sourceTree = "<group>";
		};
		938B54705CE5AF109D291245 /* UITableView */ = {
			isa = PBXGroup;
			children = (
				938B5A57D894B2312FDA1DA3 /* Adapter */,
				938B555E8B4FF5734B2BFC23 /* UITableView + ACAdapter */,
			);
			path = UITableView;
			sourceTree = "<group>";
		};
		938B5490DC42F3315FC7596C /* Adapter */ = {
			isa = PBXGroup;
			children = (
				938B5766CA3E4EFE98C1B0AE /* ACPickerViewAdapter.h */,
				938B52AAA9EA4303D198529E /* ACPickerViewAdapter.m */,
			);
			path = Adapter;
			sourceTree = "<group>";
		};
		938B54C7FA751DCD265A7324 /* Player Treatment ViewController */ = {
			isa = PBXGroup;
			children = (
				938B55A95190AB4238C58F7D /* ACPlayerTreatmentViewController.m */,
				938B545A8EB15F30C676E74A /* ACPlayerTreatmentViewController.h */,
			);
			path = "Player Treatment ViewController";
			sourceTree = "<group>";
		};
		938B555AF015448870D683AA /* Table ViewController */ = {
			isa = PBXGroup;
			children = (
				938B58AE3B16BB125C2029CA /* ACTableViewController.m */,
				938B53A77F2B30384021C609 /* ACTableViewController.h */,
				82493FD11924E63000CBE431 /* ACTableViewController.xib */,
			);
			path = "Table ViewController";
			sourceTree = "<group>";
		};
		938B555E8B4FF5734B2BFC23 /* UITableView + ACAdapter */ = {
			isa = PBXGroup;
			children = (
				938B5E69607E695EB46F52D7 /* UITableView+ACAdapter.h */,
				938B5BF1976F8C9F28614727 /* UITableView+ACAdapter.m */,
			);
			path = "UITableView + ACAdapter";
			sourceTree = "<group>";
		};
		938B557C32F96CAEEA4C8A3A /* UIAlertView */ = {
			isa = PBXGroup;
			children = (
				938B575DBC66A0EED50B05B6 /* Delegate */,
				938B5D3C951335F67A1BAA64 /* AlertView + Blocks */,
			);
			path = UIAlertView;
			sourceTree = "<group>";
		};
		938B55B91955FB507A1A7293 /* CollectionListCell */ = {
			isa = PBXGroup;
			children = (
				938B58F3C7660EA80F71E0E2 /* ACCollectionViewListCell.m */,
				82BE1FF11922731C00B019B8 /* ACCollectionViewListCell.xib */,
				938B50834522F7FB0D6F9ED1 /* ACCollectionViewListCell.h */,
			);
			path = CollectionListCell;
			sourceTree = "<group>";
		};
		938B569B8FF68283977A1AA5 /* Main ViewController */ = {
			isa = PBXGroup;
			children = (
				938B58894F1B7B20A8DA854A /* ACMainViewController.m */,
				82493FCF1924E62500CBE431 /* ACMainViewController.xib */,
				938B551F96F68D4E24120320 /* ACMainViewController.h */,
			);
			path = "Main ViewController";
			sourceTree = "<group>";
		};
		938B5706847FF2B727A18A35 /* Network Manager */ = {
			isa = PBXGroup;
			children = (
				938B55DF1C7EA29FDA1C23CA /* ACSampleNetworkManager.m */,
				938B593841498B7298BD818D /* ACSampleNetworkManager.h */,
			);
			path = "Network Manager";
			sourceTree = "<group>";
		};
		938B575DBC66A0EED50B05B6 /* Delegate */ = {
			isa = PBXGroup;
			children = (
				938B5EB9B07E107348A0F3A4 /* ACAlertViewDelegate.h */,
				938B5E655C096FB5D735390B /* ACAlertViewDelegate.m */,
			);
			path = Delegate;
			sourceTree = "<group>";
		};
		938B584E7D5604881CD4062F /* UIPageViewController */ = {
			isa = PBXGroup;
			children = (
				938B595A91300BAEE0F4D023 /* Page Controller */,
				938B51A03910F28D3EBC199D /* Endless Paging Controller */,
				938B5A7D87F7E4EECD9527D7 /* UIPageViewController + ACPageController */,
			);
			path = UIPageViewController;
			sourceTree = "<group>";
		};
		938B58752162A3B68C359B6D /* Fetched Results Data Source */ = {
			isa = PBXGroup;
			children = (
				938B5078DFB4F4DB43F9DE84 /* ACFetchedResultsDataSource.h */,
				938B51AB124786D7ACE5D6F7 /* ACFetchedResultsDataSource.m */,
			);
			path = "Fetched Results Data Source";
			sourceTree = "<group>";
		};
		938B58D5476519F4AEA5F97B /* ActionSheet + Blocks */ = {
			isa = PBXGroup;
			children = (
				938B52C1577B75C788FEB1AB /* UIActionSheet+ACBlocks.h */,
				938B5C11F69106BBA6BA5544 /* UIActionSheet+ACBlocks.m */,
			);
			path = "ActionSheet + Blocks";
			sourceTree = "<group>";
		};
		938B595A91300BAEE0F4D023 /* Page Controller */ = {
			isa = PBXGroup;
			children = (
				938B586A7C6C8A96D167A08D /* ACPageController.h */,
				938B5381C753D47AADBE7231 /* ACPageController.m */,
			);
			path = "Page Controller";
			sourceTree = "<group>";
		};
		938B5A3A8B44A4EC6D7DEF4D /* Protocols */ = {
			isa = PBXGroup;
			children = (
				938B560E6EFFD70602F837F8 /* ACTableViewCell.h */,
				938B57F939072CFEC3E71E6D /* ACObjectConsuming.h */,
				938B5D8F63A3413BD27D912F /* ACTableViewHeaderFooter.h */,
			);
			path = Protocols;
			sourceTree = "<group>";
		};
		938B5A40FAF44B91CC64E00A /* Collection ViewController */ = {
			isa = PBXGroup;
			children = (
				938B5B48E8445DEC1D3B5D38 /* ACCollectionViewController.m */,
				938B5EB4A520D67671C320CC /* ACCollectionViewController.h */,
				82493FD31924E63F00CBE431 /* ACCollectionViewController.xib */,
			);
			path = "Collection ViewController";
			sourceTree = "<group>";
		};
		938B5A57D894B2312FDA1DA3 /* Adapter */ = {
			isa = PBXGroup;
			children = (
				938B563CF19999468C7B4687 /* ACTableViewAdapter.h */,
				938B54E6A282160E06DF583C /* ACTableViewAdapter.m */,
			);
			path = Adapter;
			sourceTree = "<group>";
		};
		938B5A7D87F7E4EECD9527D7 /* UIPageViewController + ACPageController */ = {
			isa = PBXGroup;
			children = (
				938B5CDBC117AA0DB36A41BA /* UIPageViewController+ACPageController.h */,
				938B589D4DBED33FDFBE12E7 /* UIPageViewController+ACPageController.m */,
			);
			path = "UIPageViewController + ACPageController";
			sourceTree = "<group>";
		};
		938B5ACC51A3FEE551E22092 /* Categories */ = {
			isa = PBXGroup;
			children = (
				938B5C4482DB78BFC8AF6351 /* UIView+ACNib.h */,
				938B55B4FB4F72EBA7978A54 /* UIView+ACNib.m */,
				938B5B1967800AD628AC54B2 /* UIView+ACFrames.h */,
				938B5CEEA3153BA0AC048D89 /* UIView+ACFrames.m */,
				938B5F6359653C882C7D6FB5 /* UIView+ACAnimation.h */,
				938B55359067216CCF1E12B8 /* UIView+ACAnimation.m */,
				938B543D7B54D25FD51CB72C /* NSObject+ACClassName.h */,
				938B5C286AB742DF56A421BB /* NSObject+ACClassName.m */,
			);
			path = Categories;
			sourceTree = "<group>";
		};
		938B5AE9801E7DF60EB3D296 /* DataSource */ = {
			isa = PBXGroup;
			children = (
				938B5E0242CCE5075BBBF4D6 /* Classes */,
				938B52C2BDC650D3F7B6E41C /* Definitions */,
				938B53C6C2DEAD7E2AF71190 /* DataSource Protocol */,
			);
			path = DataSource;
			sourceTree = "<group>";
		};
		938B5B512A533257EEF5B2C0 /* Date */ = {
			isa = PBXGroup;
			children = (
				938B557C71C884614123BE2D /* ACDateViewController.h */,
				938B5CCE8B44A38CEAC15202 /* ACDateViewController.m */,
				938B553D7EDAD5F5D5B05294 /* ACDateViewController.xib */,
			);
			path = Date;
			sourceTree = "<group>";
		};
		938B5C182E299CD500B51245 /* UIActionSheet */ = {
			isa = PBXGroup;
			children = (
				938B52A527F65B4571A859D5 /* Delegate */,
				938B58D5476519F4AEA5F97B /* ActionSheet + Blocks */,
			);
			path = UIActionSheet;
			sourceTree = "<group>";
		};
		938B5C1DAF6B127A00AA8BB2 /* UIView + TLKAppearance */ = {
			isa = PBXGroup;
			children = (
				938B5B07826BCA1626AAF2CF /* UIView+TLKAppearance.h */,
				938B5F1469251B6EB84A5C29 /* UIView+TLKAppearance.m */,
			);
			path = "UIView + TLKAppearance";
			sourceTree = "<group>";
		};
		938B5D328A8F2CEB9BD1AB63 /* Adapter */ = {
			isa = PBXGroup;
			children = (
				938B50713CF8399AC4C5AFD8 /* ACCollectionViewAdapter.h */,
				938B5CFC6B48FD5EE1BA143F /* ACCollectionViewAdapter.m */,
			);
			path = Adapter;
			sourceTree = "<group>";
		};
		938B5D3C951335F67A1BAA64 /* AlertView + Blocks */ = {
			isa = PBXGroup;
			children = (
				938B50C2FEA97F73920D6908 /* UIAlertView+ACBlocks.h */,
				938B59EAC4ABB56625305854 /* UIAlertView+ACBlocks.m */,
			);
			path = "AlertView + Blocks";
			sourceTree = "<group>";
		};
		938B5D8FD4700EB3B0045F00 /* Component */ = {
			isa = PBXGroup;
			children = (
				938B540A8AE89D0C852D8968 /* ACComponent.h */,
				938B5E0AE23052937DE78AF8 /* ACComponent.m */,
			);
			path = Component;
			sourceTree = "<group>";
		};
		938B5DAD6FA8CE7B29BCBD01 /* AC Utils */ = {
			isa = PBXGroup;
			children = (
				938B5B512A533257EEF5B2C0 /* Date */,
				938B5E10D81E8C95A5894A5A /* UIKit */,
				938B5982AE9B6FEECC8886CE /* ACUtils.h */,
				938B5A3A8B44A4EC6D7DEF4D /* Protocols */,
				938B5ACC51A3FEE551E22092 /* Categories */,
			);
			path = "AC Utils";
			sourceTree = "<group>";
		};
		938B5E0242CCE5075BBBF4D6 /* Classes */ = {
			isa = PBXGroup;
			children = (
				938B54606645F861062A84D3 /* Array Data Source */,
				938B5EAC4AFFF3651D8F87AB /* Segmented DataSource */,
				938B501B4294B12DE01F8067 /* Components Data Source */,
				938B58752162A3B68C359B6D /* Fetched Results Data Source */,
			);
			path = Classes;
			sourceTree = "<group>";
		};
		938B5E10D81E8C95A5894A5A /* UIKit */ = {
			isa = PBXGroup;
			children = (
				938B5AE9801E7DF60EB3D296 /* DataSource */,
				938B557C32F96CAEEA4C8A3A /* UIAlertView */,
				938B54705CE5AF109D291245 /* UITableView */,
				938B51043F933EB3BE1596D1 /* UIPickerView */,
				938B5C182E299CD500B51245 /* UIActionSheet */,
				938B52823221FAD008AADC8F /* UICollectionView */,
				938B584E7D5604881CD4062F /* UIPageViewController */,
			);
			path = UIKit;
			sourceTree = "<group>";
		};
		938B5EAC4AFFF3651D8F87AB /* Segmented DataSource */ = {
			isa = PBXGroup;
			children = (
				938B514E80CC87FC3C52B1D8 /* ACSegmentedDataSource.h */,
				938B51D78AE523D6F9C239EE /* ACSegmentedDataSource.m */,
			);
			path = "Segmented DataSource";
			sourceTree = "<group>";
		};
		938B5FBFF2EBDEA7ED2E5D7D /* Picker ViewController */ = {
			isa = PBXGroup;
			children = (
				938B5D767B2580B6B9DD57F7 /* ACPickerViewController.m */,
				938B5B3A734C3EB565C63C9A /* ACPickerViewController.h */,
				938B520A4839138E70595271 /* ACPickerViewController.xib */,
			);
			path = "Picker ViewController";
			sourceTree = "<group>";
		};
/* End PBXGroup section */

/* Begin PBXNativeTarget section */
		82A7FC3F18F6DA3200A29EB2 /* ACTestProject */ = {
			isa = PBXNativeTarget;
			buildConfigurationList = 82A7FC7218F6DA3200A29EB2 /* Build configuration list for PBXNativeTarget "ACTestProject" */;
			buildPhases = (
				82A7FC3C18F6DA3200A29EB2 /* Sources */,
				82A7FC3D18F6DA3200A29EB2 /* Frameworks */,
				82A7FC3E18F6DA3200A29EB2 /* Resources */,
			);
			buildRules = (
			);
			dependencies = (
			);
			name = ACTestProject;
			productName = ACTestProject;
			productReference = 82A7FC4018F6DA3200A29EB2 /* ACTestProject.app */;
			productType = "com.apple.product-type.application";
		};
		82A7FC6018F6DA3200A29EB2 /* ACTestProjectTests */ = {
			isa = PBXNativeTarget;
			buildConfigurationList = 82A7FC7518F6DA3200A29EB2 /* Build configuration list for PBXNativeTarget "ACTestProjectTests" */;
			buildPhases = (
				82A7FC5D18F6DA3200A29EB2 /* Sources */,
				82A7FC5E18F6DA3200A29EB2 /* Frameworks */,
				82A7FC5F18F6DA3200A29EB2 /* Resources */,
			);
			buildRules = (
			);
			dependencies = (
				82A7FC6718F6DA3200A29EB2 /* PBXTargetDependency */,
			);
			name = ACTestProjectTests;
			productName = ACTestProjectTests;
			productReference = 82A7FC6118F6DA3200A29EB2 /* ACTestProjectTests.xctest */;
			productType = "com.apple.product-type.bundle.unit-test";
		};
/* End PBXNativeTarget section */

/* Begin PBXProject section */
		82A7FC3818F6DA3100A29EB2 /* Project object */ = {
			isa = PBXProject;
			attributes = {
				CLASSPREFIX = AC;
				LastUpgradeCheck = 0500;
				ORGANIZATIONNAME = yalantis;
				TargetAttributes = {
					82A7FC6018F6DA3200A29EB2 = {
						TestTargetID = 82A7FC3F18F6DA3200A29EB2;
					};
				};
			};
			buildConfigurationList = 82A7FC3B18F6DA3100A29EB2 /* Build configuration list for PBXProject "ACTestProject" */;
			compatibilityVersion = "Xcode 3.2";
			developmentRegion = English;
			hasScannedForEncodings = 0;
			knownRegions = (
				en,
				Base,
			);
			mainGroup = 82A7FC3718F6DA3100A29EB2;
			productRefGroup = 82A7FC4118F6DA3200A29EB2 /* Products */;
			projectDirPath = "";
			projectRoot = "";
			targets = (
				82A7FC3F18F6DA3200A29EB2 /* ACTestProject */,
				82A7FC6018F6DA3200A29EB2 /* ACTestProjectTests */,
			);
		};
/* End PBXProject section */

/* Begin PBXResourcesBuildPhase section */
		82A7FC3E18F6DA3200A29EB2 /* Resources */ = {
			isa = PBXResourcesBuildPhase;
			buildActionMask = 2147483647;
			files = (
				82493FD41924E63F00CBE431 /* ACCollectionViewController.xib in Resources */,
				82A7FC5C18F6DA3200A29EB2 /* Images.xcassets in Resources */,
				0494580D1907EFCA00508E78 /* ACDetailedCell.xib in Resources */,
				049458131908092000508E78 /* ACChuckNorrisCell.xib in Resources */,
				82BE1FF21922731C00B019B8 /* ACCollectionViewListCell.xib in Resources */,
				82A7FC4E18F6DA3200A29EB2 /* InfoPlist.strings in Resources */,
				82493FD21924E63000CBE431 /* ACTableViewController.xib in Resources */,
				1A54F8A9A12CD5772B56E552 /* ACSimpleCell.xib in Resources */,
				82493FD01924E62500CBE431 /* ACMainViewController.xib in Resources */,
				938B5A0668FC722015E065F9 /* ACPickerViewController.xib in Resources */,
				938B51AE6305146170F75B0A /* ACDateViewController.xib in Resources */,
			);
			runOnlyForDeploymentPostprocessing = 0;
		};
		82A7FC5F18F6DA3200A29EB2 /* Resources */ = {
			isa = PBXResourcesBuildPhase;
			buildActionMask = 2147483647;
			files = (
				82A7FC6D18F6DA3200A29EB2 /* InfoPlist.strings in Resources */,
			);
			runOnlyForDeploymentPostprocessing = 0;
		};
/* End PBXResourcesBuildPhase section */

/* Begin PBXSourcesBuildPhase section */
		82A7FC3C18F6DA3200A29EB2 /* Sources */ = {
			isa = PBXSourcesBuildPhase;
			buildActionMask = 2147483647;
			files = (
				82A7FC5018F6DA3200A29EB2 /* main.m in Sources */,
				938B514307EFF0A7AA099C38 /* ACSampleNetworkManager.m in Sources */,
				1A54FD47223F62C462856306 /* MagicalRecord.m in Sources */,
				04D1A40E1907EC3900746D6B /* Model.xcdatamodeld in Sources */,
				1A54F5D9946637121C079FE5 /* MagicalRecord+Setup.m in Sources */,
				1A54F962379C628100615540 /* MagicalRecord+iCloud.m in Sources */,
				1A54F9199CE8890C569B932B /* MagicalRecord+Actions.m in Sources */,
				1A54FC4C5D46754B2D780708 /* MagicalRecord+Options.m in Sources */,
				1A54FFFB0CF019713BFA5EB7 /* MagicalRecord+ErrorHandling.m in Sources */,
				1A54F8BB14D7F1EAF166A737 /* MagicalRecord+ShorthandSupport.m in Sources */,
				1A54F07DC33518C1ED566E60 /* MagicalImportFunctions.m in Sources */,
				1A54F5B2848292E8B8C56696 /* NSNumber+MagicalDataImport.m in Sources */,
				1A54F2032B882926451E13E1 /* NSObject+MagicalDataImport.m in Sources */,
				1A54FECE5AC1A21094F836E1 /* NSString+MagicalDataImport.m in Sources */,
				1A54FE4AA5A9EA0D2DF48579 /* NSEntityDescription+MagicalDataImport.m in Sources */,
				1A54F50AC2D51DD066908A24 /* NSAttributeDescription+MagicalDataImport.m in Sources */,
				1A54F37674A5734AB23BD62B /* NSRelationshipDescription+MagicalDataImport.m in Sources */,
				1A54F306E85371A4C79E4C8B /* NSManagedObject+MagicalRecord.m in Sources */,
				1A54FD5869128E042D9080C6 /* NSManagedObject+MagicalFinders.m in Sources */,
				1A54FE9E8D48D9A03C47A089 /* NSManagedObject+MagicalRequests.m in Sources */,
				1A54F5679E28124B670C8B37 /* NSManagedObject+MagicalDataImport.m in Sources */,
				1A54FA53A9526A2E75224E4A /* NSManagedObject+MagicalAggregation.m in Sources */,
				1A54FE8140B1B6837361038E /* NSManagedObjectContext+MagicalSaves.m in Sources */,
				1A54FDF8B139BCD74B333DDD /* NSManagedObjectContext+MagicalRecord.m in Sources */,
				1A54F39A0C582D43FCEE4134 /* NSManagedObjectContext+MagicalObserving.m in Sources */,
				1A54F2F631F00D0CA69869E0 /* NSManagedObjectContext+MagicalThreading.m in Sources */,
				1A54F8F2FF152574E89DAFC3 /* NSPersistentStore+MagicalRecord.m in Sources */,
				1A54FBA921402ED2F7FD2072 /* NSManagedObjectModel+MagicalRecord.m in Sources */,
				1A54F50EB8FE624E0FEA898E /* NSPersistentStoreCoordinator+MagicalRecord.m in Sources */,
				1A54F73DBCA340660DEE9D84 /* MBProgressHUD.m in Sources */,
				1A54F591E41E7BFA37847BA9 /* ACSimpleCell.m in Sources */,
				1A54F0D3555A1ECAEF08250B /* ACAppDelegate.m in Sources */,
				1A54F63694F290666E9CDD01 /* ACDetailedCell.m in Sources */,
				1A54FB1094A4093943F36120 /* ACSamplePlayer.m in Sources */,
				1A54FEE4BD9879D8F1214D50 /* ACChuckNorrisCell.m in Sources */,
				938B5602C2F952B1D70D91C5 /* ACCollectionViewListCell.m in Sources */,
				938B5A75E350861BD9C2226C /* ACMainViewController.m in Sources */,
				938B5F5F75C96CFAE5E1A15F /* ACCollectionViewController.m in Sources */,
				938B55B1AE126902ECE8256A /* ACTableViewController.m in Sources */,
				938B5CDB57754DAA78FD6148 /* UIView+TLKAppearance.m in Sources */,
				938B5316FF783CE404E52D34 /* ACSamplePlayer+Extension.m in Sources */,
				938B50A5284F871F62161CCA /* ACPlayerTreatmentViewController.m in Sources */,
				938B50E0C86CF9EAA3136F02 /* ACPickerViewController.m in Sources */,
				938B524B1373F41CCBDB0DB8 /* ACDateViewController.m in Sources */,
				938B55FE8A56150B63470CCB /* ACArrayDataSource.m in Sources */,
				938B58810AEB060D97B821C6 /* ACSegmentedDataSource.m in Sources */,
				938B5C513E57C579397D91C0 /* ACComponent.m in Sources */,
				938B59AE9B8C563ED0D41FEB /* ACComponentsDataSource.m in Sources */,
				938B5318694159A6597C16AB /* ACFetchedResultsDataSource.m in Sources */,
				938B56937C9868A57D99ED95 /* ACAlertViewDelegate.m in Sources */,
				938B5659C390E43F9BF2E8C8 /* UIAlertView+ACBlocks.m in Sources */,
				938B52E1AB1E077368D6201E /* ACTableViewAdapter.m in Sources */,
				938B596661F588FDF6B3A4C4 /* UITableView+ACAdapter.m in Sources */,
				938B5EAA53BF11C32B40A75A /* ACPickerViewAdapter.m in Sources */,
				938B5EC66E3D757F50668A58 /* UIPickerView+ACAdapter.m in Sources */,
				938B5A3214DFF444A83D8BA9 /* ACActionSheetDelegate.m in Sources */,
				938B51D74003907F9AC97890 /* UIActionSheet+ACBlocks.m in Sources */,
				938B558FF42F12CE4A33234A /* ACCollectionViewAdapter.m in Sources */,
				938B5C4F49DF9EF59FBC2C94 /* UICollectionView+ACAdapter.m in Sources */,
				938B5509A3A0B333324956E8 /* ACPageController.m in Sources */,
				938B5966AD3E240CC98046C8 /* ACEndlessPagingController.m in Sources */,
				938B532374C27B85106C52D1 /* UIViewController+ACPageNumber.m in Sources */,
				938B5CAC1C1FDA2673E97F8A /* UIPageViewController+ACPageController.m in Sources */,
				938B56DC5421739FADA7417C /* UIView+ACNib.m in Sources */,
				938B55725DD01BC8FF87CD6E /* UIView+ACFrames.m in Sources */,
				938B5C5745F562C1665F450A /* UIView+ACAnimation.m in Sources */,
				938B5905F9B65920BB673ADA /* NSObject+ACClassName.m in Sources */,
			);
			runOnlyForDeploymentPostprocessing = 0;
		};
		82A7FC5D18F6DA3200A29EB2 /* Sources */ = {
			isa = PBXSourcesBuildPhase;
			buildActionMask = 2147483647;
			files = (
				82A7FC6F18F6DA3200A29EB2 /* ACTestProjectTests.m in Sources */,
			);
			runOnlyForDeploymentPostprocessing = 0;
		};
/* End PBXSourcesBuildPhase section */

/* Begin PBXTargetDependency section */
		82A7FC6718F6DA3200A29EB2 /* PBXTargetDependency */ = {
			isa = PBXTargetDependency;
			target = 82A7FC3F18F6DA3200A29EB2 /* ACTestProject */;
			targetProxy = 82A7FC6618F6DA3200A29EB2 /* PBXContainerItemProxy */;
		};
/* End PBXTargetDependency section */

/* Begin PBXVariantGroup section */
		82A7FC4C18F6DA3200A29EB2 /* InfoPlist.strings */ = {
			isa = PBXVariantGroup;
			children = (
				82A7FC4D18F6DA3200A29EB2 /* en */,
			);
			name = InfoPlist.strings;
			sourceTree = "<group>";
		};
		82A7FC6B18F6DA3200A29EB2 /* InfoPlist.strings */ = {
			isa = PBXVariantGroup;
			children = (
				82A7FC6C18F6DA3200A29EB2 /* en */,
			);
			name = InfoPlist.strings;
			sourceTree = "<group>";
		};
/* End PBXVariantGroup section */

/* Begin XCBuildConfiguration section */
		82A7FC7018F6DA3200A29EB2 /* Debug */ = {
			isa = XCBuildConfiguration;
			buildSettings = {
				ALWAYS_SEARCH_USER_PATHS = NO;
				ARCHS = "$(ARCHS_STANDARD_INCLUDING_64_BIT)";
				CLANG_CXX_LANGUAGE_STANDARD = "gnu++0x";
				CLANG_CXX_LIBRARY = "libc++";
				CLANG_ENABLE_MODULES = YES;
				CLANG_ENABLE_OBJC_ARC = YES;
				CLANG_WARN_BOOL_CONVERSION = YES;
				CLANG_WARN_CONSTANT_CONVERSION = YES;
				CLANG_WARN_DIRECT_OBJC_ISA_USAGE = YES_ERROR;
				CLANG_WARN_EMPTY_BODY = YES;
				CLANG_WARN_ENUM_CONVERSION = YES;
				CLANG_WARN_INT_CONVERSION = YES;
				CLANG_WARN_OBJC_ROOT_CLASS = YES_ERROR;
				CLANG_WARN__DUPLICATE_METHOD_MATCH = YES;
				"CODE_SIGN_IDENTITY[sdk=iphoneos*]" = "iPhone Developer";
				COPY_PHASE_STRIP = NO;
				GCC_C_LANGUAGE_STANDARD = gnu99;
				GCC_DYNAMIC_NO_PIC = NO;
				GCC_OPTIMIZATION_LEVEL = 0;
				GCC_PREPROCESSOR_DEFINITIONS = (
					"DEBUG=1",
					"$(inherited)",
				);
				GCC_SYMBOLS_PRIVATE_EXTERN = NO;
				GCC_WARN_64_TO_32_BIT_CONVERSION = YES;
				GCC_WARN_ABOUT_RETURN_TYPE = YES_ERROR;
				GCC_WARN_UNDECLARED_SELECTOR = YES;
				GCC_WARN_UNINITIALIZED_AUTOS = YES;
				GCC_WARN_UNUSED_FUNCTION = YES;
				GCC_WARN_UNUSED_VARIABLE = YES;
				IPHONEOS_DEPLOYMENT_TARGET = 7.0;
				ONLY_ACTIVE_ARCH = YES;
				SDKROOT = iphoneos;
			};
			name = Debug;
		};
		82A7FC7118F6DA3200A29EB2 /* Release */ = {
			isa = XCBuildConfiguration;
			buildSettings = {
				ALWAYS_SEARCH_USER_PATHS = NO;
				ARCHS = "$(ARCHS_STANDARD_INCLUDING_64_BIT)";
				CLANG_CXX_LANGUAGE_STANDARD = "gnu++0x";
				CLANG_CXX_LIBRARY = "libc++";
				CLANG_ENABLE_MODULES = YES;
				CLANG_ENABLE_OBJC_ARC = YES;
				CLANG_WARN_BOOL_CONVERSION = YES;
				CLANG_WARN_CONSTANT_CONVERSION = YES;
				CLANG_WARN_DIRECT_OBJC_ISA_USAGE = YES_ERROR;
				CLANG_WARN_EMPTY_BODY = YES;
				CLANG_WARN_ENUM_CONVERSION = YES;
				CLANG_WARN_INT_CONVERSION = YES;
				CLANG_WARN_OBJC_ROOT_CLASS = YES_ERROR;
				CLANG_WARN__DUPLICATE_METHOD_MATCH = YES;
				"CODE_SIGN_IDENTITY[sdk=iphoneos*]" = "iPhone Developer";
				COPY_PHASE_STRIP = YES;
				ENABLE_NS_ASSERTIONS = NO;
				GCC_C_LANGUAGE_STANDARD = gnu99;
				GCC_WARN_64_TO_32_BIT_CONVERSION = YES;
				GCC_WARN_ABOUT_RETURN_TYPE = YES_ERROR;
				GCC_WARN_UNDECLARED_SELECTOR = YES;
				GCC_WARN_UNINITIALIZED_AUTOS = YES;
				GCC_WARN_UNUSED_FUNCTION = YES;
				GCC_WARN_UNUSED_VARIABLE = YES;
				IPHONEOS_DEPLOYMENT_TARGET = 7.0;
				SDKROOT = iphoneos;
				VALIDATE_PRODUCT = YES;
			};
			name = Release;
		};
		82A7FC7318F6DA3200A29EB2 /* Debug */ = {
			isa = XCBuildConfiguration;
			buildSettings = {
				ASSETCATALOG_COMPILER_APPICON_NAME = AppIcon;
				ASSETCATALOG_COMPILER_LAUNCHIMAGE_NAME = LaunchImage;
				GCC_PRECOMPILE_PREFIX_HEADER = YES;
				GCC_PREFIX_HEADER = "ACTestProject/ACTestProject-Prefix.pch";
				INFOPLIST_FILE = "ACTestProject/ACTestProject-Info.plist";
				PRODUCT_NAME = "$(TARGET_NAME)";
				WRAPPER_EXTENSION = app;
			};
			name = Debug;
		};
		82A7FC7418F6DA3200A29EB2 /* Release */ = {
			isa = XCBuildConfiguration;
			buildSettings = {
				ASSETCATALOG_COMPILER_APPICON_NAME = AppIcon;
				ASSETCATALOG_COMPILER_LAUNCHIMAGE_NAME = LaunchImage;
				GCC_PRECOMPILE_PREFIX_HEADER = YES;
				GCC_PREFIX_HEADER = "ACTestProject/ACTestProject-Prefix.pch";
				INFOPLIST_FILE = "ACTestProject/ACTestProject-Info.plist";
				PRODUCT_NAME = "$(TARGET_NAME)";
				WRAPPER_EXTENSION = app;
			};
			name = Release;
		};
		82A7FC7618F6DA3200A29EB2 /* Debug */ = {
			isa = XCBuildConfiguration;
			buildSettings = {
				ARCHS = "$(ARCHS_STANDARD_INCLUDING_64_BIT)";
				BUNDLE_LOADER = "$(BUILT_PRODUCTS_DIR)/ACTestProject.app/ACTestProject";
				FRAMEWORK_SEARCH_PATHS = (
					"$(SDKROOT)/Developer/Library/Frameworks",
					"$(inherited)",
					"$(DEVELOPER_FRAMEWORKS_DIR)",
				);
				GCC_PRECOMPILE_PREFIX_HEADER = YES;
				GCC_PREFIX_HEADER = "ACTestProject/ACTestProject-Prefix.pch";
				GCC_PREPROCESSOR_DEFINITIONS = (
					"DEBUG=1",
					"$(inherited)",
				);
				INFOPLIST_FILE = "ACTestProjectTests/ACTestProjectTests-Info.plist";
				PRODUCT_NAME = "$(TARGET_NAME)";
				TEST_HOST = "$(BUNDLE_LOADER)";
				WRAPPER_EXTENSION = xctest;
			};
			name = Debug;
		};
		82A7FC7718F6DA3200A29EB2 /* Release */ = {
			isa = XCBuildConfiguration;
			buildSettings = {
				ARCHS = "$(ARCHS_STANDARD_INCLUDING_64_BIT)";
				BUNDLE_LOADER = "$(BUILT_PRODUCTS_DIR)/ACTestProject.app/ACTestProject";
				FRAMEWORK_SEARCH_PATHS = (
					"$(SDKROOT)/Developer/Library/Frameworks",
					"$(inherited)",
					"$(DEVELOPER_FRAMEWORKS_DIR)",
				);
				GCC_PRECOMPILE_PREFIX_HEADER = YES;
				GCC_PREFIX_HEADER = "ACTestProject/ACTestProject-Prefix.pch";
				INFOPLIST_FILE = "ACTestProjectTests/ACTestProjectTests-Info.plist";
				PRODUCT_NAME = "$(TARGET_NAME)";
				TEST_HOST = "$(BUNDLE_LOADER)";
				WRAPPER_EXTENSION = xctest;
			};
			name = Release;
		};
/* End XCBuildConfiguration section */

/* Begin XCConfigurationList section */
		82A7FC3B18F6DA3100A29EB2 /* Build configuration list for PBXProject "ACTestProject" */ = {
			isa = XCConfigurationList;
			buildConfigurations = (
				82A7FC7018F6DA3200A29EB2 /* Debug */,
				82A7FC7118F6DA3200A29EB2 /* Release */,
			);
			defaultConfigurationIsVisible = 0;
			defaultConfigurationName = Release;
		};
		82A7FC7218F6DA3200A29EB2 /* Build configuration list for PBXNativeTarget "ACTestProject" */ = {
			isa = XCConfigurationList;
			buildConfigurations = (
				82A7FC7318F6DA3200A29EB2 /* Debug */,
				82A7FC7418F6DA3200A29EB2 /* Release */,
			);
			defaultConfigurationIsVisible = 0;
			defaultConfigurationName = Release;
		};
		82A7FC7518F6DA3200A29EB2 /* Build configuration list for PBXNativeTarget "ACTestProjectTests" */ = {
			isa = XCConfigurationList;
			buildConfigurations = (
				82A7FC7618F6DA3200A29EB2 /* Debug */,
				82A7FC7718F6DA3200A29EB2 /* Release */,
			);
			defaultConfigurationIsVisible = 0;
			defaultConfigurationName = Release;
		};
/* End XCConfigurationList section */

/* Begin XCVersionGroup section */
		04D1A40C1907EC3900746D6B /* Model.xcdatamodeld */ = {
			isa = XCVersionGroup;
			children = (
				04D1A40D1907EC3900746D6B /* Model.xcdatamodel */,
			);
			currentVersion = 04D1A40D1907EC3900746D6B /* Model.xcdatamodel */;
			path = Model.xcdatamodeld;
			sourceTree = "<group>";
			versionGroupType = wrapper.xcdatamodel;
		};
/* End XCVersionGroup section */
	};
	rootObject = 82A7FC3818F6DA3100A29EB2 /* Project object */;
}
